// !$*UTF8*$!
{
	archiveVersion = 1;
	classes = {
	};
	objectVersion = 46;
	objects = {

/* Begin PBXBuildFile section */
		115F827C60F94EA499E3C1F7 /* libPods.a in Frameworks */ = {isa = PBXBuildFile; fileRef = CFCD5A7D8710465FA58C06A3 /* libPods.a */; };
		3A07B97917AE130F0043D16E /* ATTicketCell.xib in Resources */ = {isa = PBXBuildFile; fileRef = 3A07B97817AE130F0043D16E /* ATTicketCell.xib */; };
		3A447F4F17B514E000C38BD0 /* ATAPI.m in Sources */ = {isa = PBXBuildFile; fileRef = 3A447F4E17B514E000C38BD0 /* ATAPI.m */; };
		3AE6DE3C17E44BC300BA9745 /* NSHTTPCookieStorage+ATAdditions.m in Sources */ = {isa = PBXBuildFile; fileRef = 3AE6DE3B17E44BC300BA9745 /* NSHTTPCookieStorage+ATAdditions.m */; };
		3AE6DE4317E4BF0800BA9745 /* tabbar-icon-setting-selected@2x.png in Resources */ = {isa = PBXBuildFile; fileRef = 3AE6DE4117E4BF0800BA9745 /* tabbar-icon-setting-selected@2x.png */; };
		3AE6DE4417E4BF0800BA9745 /* tabbar-icon-setting@2x.png in Resources */ = {isa = PBXBuildFile; fileRef = 3AE6DE4217E4BF0800BA9745 /* tabbar-icon-setting@2x.png */; };
		3AE6DE4B17E4C20400BA9745 /* tabbar-icon-ticket-selected@2x.png in Resources */ = {isa = PBXBuildFile; fileRef = 3AE6DE4917E4C20400BA9745 /* tabbar-icon-ticket-selected@2x.png */; };
		3AE6DE4C17E4C20400BA9745 /* tabbar-icon-ticket@2x.png in Resources */ = {isa = PBXBuildFile; fileRef = 3AE6DE4A17E4C20400BA9745 /* tabbar-icon-ticket@2x.png */; };
		3AEF8DDE17AE0B8F00007E9C /* ATTicketCell.m in Sources */ = {isa = PBXBuildFile; fileRef = 3AEF8DDD17AE0B8F00007E9C /* ATTicketCell.m */; };
		3AF6DA8C17D1F53E00CA049A /* UIColor+ATAdditions.m in Sources */ = {isa = PBXBuildFile; fileRef = 3AF6DA8B17D1F53E00CA049A /* UIColor+ATAdditions.m */; };
		3AF6DA9017DAD72F00CA049A /* ATUtils.m in Sources */ = {isa = PBXBuildFile; fileRef = 3AF6DA8F17DAD72F00CA049A /* ATUtils.m */; };
		3AF6DA9217DAD7E800CA049A /* SettingStoryboard.storyboard in Resources */ = {isa = PBXBuildFile; fileRef = 3AF6DA9117DAD7E800CA049A /* SettingStoryboard.storyboard */; };
		3AF6DA9517DCDF3800CA049A /* ATSettingViewController.m in Sources */ = {isa = PBXBuildFile; fileRef = 3AF6DA9417DCDF3800CA049A /* ATSettingViewController.m */; };
		47D67CDB17B35F72001A0043 /* ATServiceLocator.m in Sources */ = {isa = PBXBuildFile; fileRef = 47D67CDA17B35F72001A0043 /* ATServiceLocator.m */; };
		47F9F51D17AA2FA0007C8A8D /* Default-568h@2x.png in Resources */ = {isa = PBXBuildFile; fileRef = 47F9F51217AA2FA0007C8A8D /* Default-568h@2x.png */; };
		47F9F51E17AA2FA0007C8A8D /* Default-Landscape@2x~ipad.png in Resources */ = {isa = PBXBuildFile; fileRef = 47F9F51317AA2FA0007C8A8D /* Default-Landscape@2x~ipad.png */; };
		47F9F51F17AA2FA0007C8A8D /* Default-Landscape~ipad.png in Resources */ = {isa = PBXBuildFile; fileRef = 47F9F51417AA2FA0007C8A8D /* Default-Landscape~ipad.png */; };
		47F9F52017AA2FA0007C8A8D /* Default-Portrait@2x~ipad.png in Resources */ = {isa = PBXBuildFile; fileRef = 47F9F51517AA2FA0007C8A8D /* Default-Portrait@2x~ipad.png */; };
		47F9F52117AA2FA0007C8A8D /* Default-Portrait~ipad.png in Resources */ = {isa = PBXBuildFile; fileRef = 47F9F51617AA2FA0007C8A8D /* Default-Portrait~ipad.png */; };
		47F9F52217AA2FA0007C8A8D /* Default.png in Resources */ = {isa = PBXBuildFile; fileRef = 47F9F51717AA2FA0007C8A8D /* Default.png */; };
		47F9F52317AA2FA0007C8A8D /* Default@2x.png in Resources */ = {isa = PBXBuildFile; fileRef = 47F9F51817AA2FA0007C8A8D /* Default@2x.png */; };
		47F9F52417AA2FA0007C8A8D /* Icon-72.png in Resources */ = {isa = PBXBuildFile; fileRef = 47F9F51917AA2FA0007C8A8D /* Icon-72.png */; };
		47F9F52517AA2FA0007C8A8D /* Icon-72@2x.png in Resources */ = {isa = PBXBuildFile; fileRef = 47F9F51A17AA2FA0007C8A8D /* Icon-72@2x.png */; };
		47F9F52617AA2FA0007C8A8D /* Icon.png in Resources */ = {isa = PBXBuildFile; fileRef = 47F9F51B17AA2FA0007C8A8D /* Icon.png */; };
		47F9F52717AA2FA0007C8A8D /* Icon@2x.png in Resources */ = {isa = PBXBuildFile; fileRef = 47F9F51C17AA2FA0007C8A8D /* Icon@2x.png */; };
		47F9F53117AA35C9007C8A8D /* ATAuth.m in Sources */ = {isa = PBXBuildFile; fileRef = 47F9F52A17AA35C9007C8A8D /* ATAuth.m */; };
		47F9F53217AA35C9007C8A8D /* ATTicket.m in Sources */ = {isa = PBXBuildFile; fileRef = 47F9F52C17AA35C9007C8A8D /* ATTicket.m */; };
		47F9F53317AA35C9007C8A8D /* ATTicketList.m in Sources */ = {isa = PBXBuildFile; fileRef = 47F9F52E17AA35C9007C8A8D /* ATTicketList.m */; };
		47F9F53417AA35C9007C8A8D /* ATNetworking.m in Sources */ = {isa = PBXBuildFile; fileRef = 47F9F53017AA35C9007C8A8D /* ATNetworking.m */; };
		47F9F53E17AA35D4007C8A8D /* ATAppDelegate.m in Sources */ = {isa = PBXBuildFile; fileRef = 47F9F53717AA35D4007C8A8D /* ATAppDelegate.m */; };
		47F9F54117AA35D4007C8A8D /* ATTicketViewController.m in Sources */ = {isa = PBXBuildFile; fileRef = 47F9F53C17AA35D4007C8A8D /* ATTicketViewController.m */; };
		47F9F54217AA35D4007C8A8D /* ATTicketViewController.xib in Resources */ = {isa = PBXBuildFile; fileRef = 47F9F53D17AA35D4007C8A8D /* ATTicketViewController.xib */; };
		47F9F54A17AA360F007C8A8D /* ATLoginViewController.m in Sources */ = {isa = PBXBuildFile; fileRef = 47F9F54817AA360F007C8A8D /* ATLoginViewController.m */; };
		47F9F54B17AA360F007C8A8D /* ATLoginViewController.xib in Resources */ = {isa = PBXBuildFile; fileRef = 47F9F54917AA360F007C8A8D /* ATLoginViewController.xib */; };
		47F9F54F17AA364F007C8A8D /* NSDate+ATAdditions.m in Sources */ = {isa = PBXBuildFile; fileRef = 47F9F54E17AA364F007C8A8D /* NSDate+ATAdditions.m */; };
		47F9F55217AA42A4007C8A8D /* ATRootTabController.m in Sources */ = {isa = PBXBuildFile; fileRef = 47F9F55117AA42A4007C8A8D /* ATRootTabController.m */; };
		E244C985179577E300F1D203 /* libsqlite3.0.dylib in Frameworks */ = {isa = PBXBuildFile; fileRef = E244C984179577E300F1D203 /* libsqlite3.0.dylib */; };
		E26BED82177081A80087E0E4 /* UIKit.framework in Frameworks */ = {isa = PBXBuildFile; fileRef = E26BED81177081A80087E0E4 /* UIKit.framework */; };
		E26BED84177081A80087E0E4 /* Foundation.framework in Frameworks */ = {isa = PBXBuildFile; fileRef = E26BED83177081A80087E0E4 /* Foundation.framework */; };
		E26BED86177081A80087E0E4 /* CoreGraphics.framework in Frameworks */ = {isa = PBXBuildFile; fileRef = E26BED85177081A80087E0E4 /* CoreGraphics.framework */; };
		E26BED8C177081A80087E0E4 /* InfoPlist.strings in Resources */ = {isa = PBXBuildFile; fileRef = E26BED8A177081A80087E0E4 /* InfoPlist.strings */; };
		E26BED8E177081A80087E0E4 /* main.m in Sources */ = {isa = PBXBuildFile; fileRef = E26BED8D177081A80087E0E4 /* main.m */; };
		E26BEDA0177081A80087E0E4 /* SenTestingKit.framework in Frameworks */ = {isa = PBXBuildFile; fileRef = E26BED9F177081A80087E0E4 /* SenTestingKit.framework */; };
		E26BEDA1177081A80087E0E4 /* UIKit.framework in Frameworks */ = {isa = PBXBuildFile; fileRef = E26BED81177081A80087E0E4 /* UIKit.framework */; };
		E26BEDA2177081A80087E0E4 /* Foundation.framework in Frameworks */ = {isa = PBXBuildFile; fileRef = E26BED83177081A80087E0E4 /* Foundation.framework */; };
		E26BEDAA177081A80087E0E4 /* InfoPlist.strings in Resources */ = {isa = PBXBuildFile; fileRef = E26BEDA8177081A80087E0E4 /* InfoPlist.strings */; };
		E26BEDAD177081A80087E0E4 /* AnimetickTests.m in Sources */ = {isa = PBXBuildFile; fileRef = E26BEDAC177081A80087E0E4 /* AnimetickTests.m */; };
/* End PBXBuildFile section */

/* Begin PBXContainerItemProxy section */
		E26BEDA3177081A80087E0E4 /* PBXContainerItemProxy */ = {
			isa = PBXContainerItemProxy;
			containerPortal = E26BED76177081A80087E0E4 /* Project object */;
			proxyType = 1;
			remoteGlobalIDString = E26BED7D177081A80087E0E4;
			remoteInfo = Animetick;
		};
/* End PBXContainerItemProxy section */

/* Begin PBXFileReference section */
		171813F272F244428CECCC7C /* Pods.xcconfig */ = {isa = PBXFileReference; includeInIndex = 1; lastKnownFileType = text.xcconfig; name = Pods.xcconfig; path = Pods/Pods.xcconfig; sourceTree = SOURCE_ROOT; };
		3A07B97817AE130F0043D16E /* ATTicketCell.xib */ = {isa = PBXFileReference; fileEncoding = 4; lastKnownFileType = file.xib; path = ATTicketCell.xib; sourceTree = "<group>"; };
		3A447F4D17B514E000C38BD0 /* ATAPI.h */ = {isa = PBXFileReference; fileEncoding = 4; lastKnownFileType = sourcecode.c.h; path = ATAPI.h; sourceTree = "<group>"; };
		3A447F4E17B514E000C38BD0 /* ATAPI.m */ = {isa = PBXFileReference; fileEncoding = 4; lastKnownFileType = sourcecode.c.objc; path = ATAPI.m; sourceTree = "<group>"; };
		3AE6DE3A17E44BC300BA9745 /* NSHTTPCookieStorage+ATAdditions.h */ = {isa = PBXFileReference; fileEncoding = 4; lastKnownFileType = sourcecode.c.h; path = "NSHTTPCookieStorage+ATAdditions.h"; sourceTree = "<group>"; };
		3AE6DE3B17E44BC300BA9745 /* NSHTTPCookieStorage+ATAdditions.m */ = {isa = PBXFileReference; fileEncoding = 4; lastKnownFileType = sourcecode.c.objc; path = "NSHTTPCookieStorage+ATAdditions.m"; sourceTree = "<group>"; };
		3AE6DE4117E4BF0800BA9745 /* tabbar-icon-setting-selected@2x.png */ = {isa = PBXFileReference; lastKnownFileType = image.png; path = "tabbar-icon-setting-selected@2x.png"; sourceTree = "<group>"; };
		3AE6DE4217E4BF0800BA9745 /* tabbar-icon-setting@2x.png */ = {isa = PBXFileReference; lastKnownFileType = image.png; path = "tabbar-icon-setting@2x.png"; sourceTree = "<group>"; };
		3AE6DE4917E4C20400BA9745 /* tabbar-icon-ticket-selected@2x.png */ = {isa = PBXFileReference; lastKnownFileType = image.png; path = "tabbar-icon-ticket-selected@2x.png"; sourceTree = "<group>"; };
		3AE6DE4A17E4C20400BA9745 /* tabbar-icon-ticket@2x.png */ = {isa = PBXFileReference; lastKnownFileType = image.png; path = "tabbar-icon-ticket@2x.png"; sourceTree = "<group>"; };
		3AEF8DDC17AE0B8F00007E9C /* ATTicketCell.h */ = {isa = PBXFileReference; fileEncoding = 4; lastKnownFileType = sourcecode.c.h; path = ATTicketCell.h; sourceTree = "<group>"; };
		3AEF8DDD17AE0B8F00007E9C /* ATTicketCell.m */ = {isa = PBXFileReference; fileEncoding = 4; lastKnownFileType = sourcecode.c.objc; path = ATTicketCell.m; sourceTree = "<group>"; };
		3AF6DA8A17D1F53E00CA049A /* UIColor+ATAdditions.h */ = {isa = PBXFileReference; fileEncoding = 4; lastKnownFileType = sourcecode.c.h; path = "UIColor+ATAdditions.h"; sourceTree = "<group>"; };
		3AF6DA8B17D1F53E00CA049A /* UIColor+ATAdditions.m */ = {isa = PBXFileReference; fileEncoding = 4; lastKnownFileType = sourcecode.c.objc; path = "UIColor+ATAdditions.m"; sourceTree = "<group>"; };
		3AF6DA8D17DAD72F00CA049A /* ATSettings.h */ = {isa = PBXFileReference; fileEncoding = 4; lastKnownFileType = sourcecode.c.h; name = ATSettings.h; path = Utils/ATSettings.h; sourceTree = "<group>"; };
		3AF6DA8E17DAD72F00CA049A /* ATUtils.h */ = {isa = PBXFileReference; fileEncoding = 4; lastKnownFileType = sourcecode.c.h; name = ATUtils.h; path = Utils/ATUtils.h; sourceTree = "<group>"; };
		3AF6DA8F17DAD72F00CA049A /* ATUtils.m */ = {isa = PBXFileReference; fileEncoding = 4; lastKnownFileType = sourcecode.c.objc; name = ATUtils.m; path = Utils/ATUtils.m; sourceTree = "<group>"; };
		3AF6DA9117DAD7E800CA049A /* SettingStoryboard.storyboard */ = {isa = PBXFileReference; fileEncoding = 4; lastKnownFileType = file.storyboard; path = SettingStoryboard.storyboard; sourceTree = "<group>"; };
		3AF6DA9317DCDF3800CA049A /* ATSettingViewController.h */ = {isa = PBXFileReference; fileEncoding = 4; lastKnownFileType = sourcecode.c.h; path = ATSettingViewController.h; sourceTree = "<group>"; };
		3AF6DA9417DCDF3800CA049A /* ATSettingViewController.m */ = {isa = PBXFileReference; fileEncoding = 4; lastKnownFileType = sourcecode.c.objc; path = ATSettingViewController.m; sourceTree = "<group>"; };
		47D67CD917B35F72001A0043 /* ATServiceLocator.h */ = {isa = PBXFileReference; fileEncoding = 4; lastKnownFileType = sourcecode.c.h; path = ATServiceLocator.h; sourceTree = "<group>"; };
		47D67CDA17B35F72001A0043 /* ATServiceLocator.m */ = {isa = PBXFileReference; fileEncoding = 4; lastKnownFileType = sourcecode.c.objc; path = ATServiceLocator.m; sourceTree = "<group>"; };
		47F9F51217AA2FA0007C8A8D /* Default-568h@2x.png */ = {isa = PBXFileReference; lastKnownFileType = image.png; path = "Default-568h@2x.png"; sourceTree = "<group>"; };
		47F9F51317AA2FA0007C8A8D /* Default-Landscape@2x~ipad.png */ = {isa = PBXFileReference; lastKnownFileType = image.png; path = "Default-Landscape@2x~ipad.png"; sourceTree = "<group>"; };
		47F9F51417AA2FA0007C8A8D /* Default-Landscape~ipad.png */ = {isa = PBXFileReference; lastKnownFileType = image.png; path = "Default-Landscape~ipad.png"; sourceTree = "<group>"; };
		47F9F51517AA2FA0007C8A8D /* Default-Portrait@2x~ipad.png */ = {isa = PBXFileReference; lastKnownFileType = image.png; path = "Default-Portrait@2x~ipad.png"; sourceTree = "<group>"; };
		47F9F51617AA2FA0007C8A8D /* Default-Portrait~ipad.png */ = {isa = PBXFileReference; lastKnownFileType = image.png; path = "Default-Portrait~ipad.png"; sourceTree = "<group>"; };
		47F9F51717AA2FA0007C8A8D /* Default.png */ = {isa = PBXFileReference; lastKnownFileType = image.png; path = Default.png; sourceTree = "<group>"; };
		47F9F51817AA2FA0007C8A8D /* Default@2x.png */ = {isa = PBXFileReference; lastKnownFileType = image.png; path = "Default@2x.png"; sourceTree = "<group>"; };
		47F9F51917AA2FA0007C8A8D /* Icon-72.png */ = {isa = PBXFileReference; lastKnownFileType = image.png; path = "Icon-72.png"; sourceTree = "<group>"; };
		47F9F51A17AA2FA0007C8A8D /* Icon-72@2x.png */ = {isa = PBXFileReference; lastKnownFileType = image.png; path = "Icon-72@2x.png"; sourceTree = "<group>"; };
		47F9F51B17AA2FA0007C8A8D /* Icon.png */ = {isa = PBXFileReference; lastKnownFileType = image.png; path = Icon.png; sourceTree = "<group>"; };
		47F9F51C17AA2FA0007C8A8D /* Icon@2x.png */ = {isa = PBXFileReference; lastKnownFileType = image.png; path = "Icon@2x.png"; sourceTree = "<group>"; };
		47F9F52917AA35C9007C8A8D /* ATAuth.h */ = {isa = PBXFileReference; fileEncoding = 4; lastKnownFileType = sourcecode.c.h; path = ATAuth.h; sourceTree = "<group>"; };
		47F9F52A17AA35C9007C8A8D /* ATAuth.m */ = {isa = PBXFileReference; fileEncoding = 4; lastKnownFileType = sourcecode.c.objc; path = ATAuth.m; sourceTree = "<group>"; };
		47F9F52B17AA35C9007C8A8D /* ATTicket.h */ = {isa = PBXFileReference; fileEncoding = 4; lastKnownFileType = sourcecode.c.h; path = ATTicket.h; sourceTree = "<group>"; };
		47F9F52C17AA35C9007C8A8D /* ATTicket.m */ = {isa = PBXFileReference; fileEncoding = 4; lastKnownFileType = sourcecode.c.objc; path = ATTicket.m; sourceTree = "<group>"; };
		47F9F52D17AA35C9007C8A8D /* ATTicketList.h */ = {isa = PBXFileReference; fileEncoding = 4; lastKnownFileType = sourcecode.c.h; path = ATTicketList.h; sourceTree = "<group>"; };
		47F9F52E17AA35C9007C8A8D /* ATTicketList.m */ = {isa = PBXFileReference; fileEncoding = 4; lastKnownFileType = sourcecode.c.objc; path = ATTicketList.m; sourceTree = "<group>"; };
		47F9F52F17AA35C9007C8A8D /* ATNetworking.h */ = {isa = PBXFileReference; fileEncoding = 4; lastKnownFileType = sourcecode.c.h; path = ATNetworking.h; sourceTree = "<group>"; };
		47F9F53017AA35C9007C8A8D /* ATNetworking.m */ = {isa = PBXFileReference; fileEncoding = 4; lastKnownFileType = sourcecode.c.objc; path = ATNetworking.m; sourceTree = "<group>"; };
		47F9F53617AA35D4007C8A8D /* ATAppDelegate.h */ = {isa = PBXFileReference; fileEncoding = 4; lastKnownFileType = sourcecode.c.h; path = ATAppDelegate.h; sourceTree = "<group>"; };
		47F9F53717AA35D4007C8A8D /* ATAppDelegate.m */ = {isa = PBXFileReference; fileEncoding = 4; lastKnownFileType = sourcecode.c.objc; path = ATAppDelegate.m; sourceTree = "<group>"; };
		47F9F53B17AA35D4007C8A8D /* ATTicketViewController.h */ = {isa = PBXFileReference; fileEncoding = 4; lastKnownFileType = sourcecode.c.h; path = ATTicketViewController.h; sourceTree = "<group>"; };
		47F9F53C17AA35D4007C8A8D /* ATTicketViewController.m */ = {isa = PBXFileReference; fileEncoding = 4; lastKnownFileType = sourcecode.c.objc; path = ATTicketViewController.m; sourceTree = "<group>"; };
		47F9F53D17AA35D4007C8A8D /* ATTicketViewController.xib */ = {isa = PBXFileReference; fileEncoding = 4; lastKnownFileType = file.xib; path = ATTicketViewController.xib; sourceTree = "<group>"; };
		47F9F54717AA360F007C8A8D /* ATLoginViewController.h */ = {isa = PBXFileReference; fileEncoding = 4; lastKnownFileType = sourcecode.c.h; path = ATLoginViewController.h; sourceTree = "<group>"; };
		47F9F54817AA360F007C8A8D /* ATLoginViewController.m */ = {isa = PBXFileReference; fileEncoding = 4; lastKnownFileType = sourcecode.c.objc; path = ATLoginViewController.m; sourceTree = "<group>"; };
		47F9F54917AA360F007C8A8D /* ATLoginViewController.xib */ = {isa = PBXFileReference; fileEncoding = 4; lastKnownFileType = file.xib; path = ATLoginViewController.xib; sourceTree = "<group>"; };
		47F9F54D17AA364F007C8A8D /* NSDate+ATAdditions.h */ = {isa = PBXFileReference; fileEncoding = 4; lastKnownFileType = sourcecode.c.h; path = "NSDate+ATAdditions.h"; sourceTree = "<group>"; };
		47F9F54E17AA364F007C8A8D /* NSDate+ATAdditions.m */ = {isa = PBXFileReference; fileEncoding = 4; lastKnownFileType = sourcecode.c.objc; path = "NSDate+ATAdditions.m"; sourceTree = "<group>"; };
		47F9F55017AA42A4007C8A8D /* ATRootTabController.h */ = {isa = PBXFileReference; fileEncoding = 4; lastKnownFileType = sourcecode.c.h; path = ATRootTabController.h; sourceTree = "<group>"; };
		47F9F55117AA42A4007C8A8D /* ATRootTabController.m */ = {isa = PBXFileReference; fileEncoding = 4; lastKnownFileType = sourcecode.c.objc; path = ATRootTabController.m; sourceTree = "<group>"; };
		CFCD5A7D8710465FA58C06A3 /* libPods.a */ = {isa = PBXFileReference; explicitFileType = archive.ar; includeInIndex = 0; path = libPods.a; sourceTree = BUILT_PRODUCTS_DIR; };
		E244C984179577E300F1D203 /* libsqlite3.0.dylib */ = {isa = PBXFileReference; lastKnownFileType = "compiled.mach-o.dylib"; name = libsqlite3.0.dylib; path = usr/lib/libsqlite3.0.dylib; sourceTree = SDKROOT; };
		E26BED7E177081A80087E0E4 /* Animetick.app */ = {isa = PBXFileReference; explicitFileType = wrapper.application; includeInIndex = 0; path = Animetick.app; sourceTree = BUILT_PRODUCTS_DIR; };
		E26BED81177081A80087E0E4 /* UIKit.framework */ = {isa = PBXFileReference; lastKnownFileType = wrapper.framework; name = UIKit.framework; path = System/Library/Frameworks/UIKit.framework; sourceTree = SDKROOT; };
		E26BED83177081A80087E0E4 /* Foundation.framework */ = {isa = PBXFileReference; lastKnownFileType = wrapper.framework; name = Foundation.framework; path = System/Library/Frameworks/Foundation.framework; sourceTree = SDKROOT; };
		E26BED85177081A80087E0E4 /* CoreGraphics.framework */ = {isa = PBXFileReference; lastKnownFileType = wrapper.framework; name = CoreGraphics.framework; path = System/Library/Frameworks/CoreGraphics.framework; sourceTree = SDKROOT; };
		E26BED89177081A80087E0E4 /* Animetick-Info.plist */ = {isa = PBXFileReference; lastKnownFileType = text.plist.xml; path = "Animetick-Info.plist"; sourceTree = "<group>"; };
		E26BED8B177081A80087E0E4 /* en */ = {isa = PBXFileReference; lastKnownFileType = text.plist.strings; name = en; path = en.lproj/InfoPlist.strings; sourceTree = "<group>"; };
		E26BED8D177081A80087E0E4 /* main.m */ = {isa = PBXFileReference; lastKnownFileType = sourcecode.c.objc; path = main.m; sourceTree = "<group>"; };
		E26BED8F177081A80087E0E4 /* Animetick-Prefix.pch */ = {isa = PBXFileReference; lastKnownFileType = sourcecode.c.h; path = "Animetick-Prefix.pch"; sourceTree = "<group>"; };
		E26BED9E177081A80087E0E4 /* AnimetickTests.octest */ = {isa = PBXFileReference; explicitFileType = wrapper.cfbundle; includeInIndex = 0; path = AnimetickTests.octest; sourceTree = BUILT_PRODUCTS_DIR; };
		E26BED9F177081A80087E0E4 /* SenTestingKit.framework */ = {isa = PBXFileReference; lastKnownFileType = wrapper.framework; name = SenTestingKit.framework; path = Library/Frameworks/SenTestingKit.framework; sourceTree = DEVELOPER_DIR; };
		E26BEDA7177081A80087E0E4 /* AnimetickTests-Info.plist */ = {isa = PBXFileReference; lastKnownFileType = text.plist.xml; path = "AnimetickTests-Info.plist"; sourceTree = "<group>"; };
		E26BEDA9177081A80087E0E4 /* en */ = {isa = PBXFileReference; lastKnownFileType = text.plist.strings; name = en; path = en.lproj/InfoPlist.strings; sourceTree = "<group>"; };
		E26BEDAB177081A80087E0E4 /* AnimetickTests.h */ = {isa = PBXFileReference; lastKnownFileType = sourcecode.c.h; path = AnimetickTests.h; sourceTree = "<group>"; };
		E26BEDAC177081A80087E0E4 /* AnimetickTests.m */ = {isa = PBXFileReference; lastKnownFileType = sourcecode.c.objc; path = AnimetickTests.m; sourceTree = "<group>"; };
/* End PBXFileReference section */

/* Begin PBXFrameworksBuildPhase section */
		E26BED7B177081A80087E0E4 /* Frameworks */ = {
			isa = PBXFrameworksBuildPhase;
			buildActionMask = 2147483647;
			files = (
				E244C985179577E300F1D203 /* libsqlite3.0.dylib in Frameworks */,
				E26BED82177081A80087E0E4 /* UIKit.framework in Frameworks */,
				E26BED84177081A80087E0E4 /* Foundation.framework in Frameworks */,
				E26BED86177081A80087E0E4 /* CoreGraphics.framework in Frameworks */,
				115F827C60F94EA499E3C1F7 /* libPods.a in Frameworks */,
			);
			runOnlyForDeploymentPostprocessing = 0;
		};
		E26BED9A177081A80087E0E4 /* Frameworks */ = {
			isa = PBXFrameworksBuildPhase;
			buildActionMask = 2147483647;
			files = (
				E26BEDA0177081A80087E0E4 /* SenTestingKit.framework in Frameworks */,
				E26BEDA1177081A80087E0E4 /* UIKit.framework in Frameworks */,
				E26BEDA2177081A80087E0E4 /* Foundation.framework in Frameworks */,
			);
			runOnlyForDeploymentPostprocessing = 0;
		};
/* End PBXFrameworksBuildPhase section */

/* Begin PBXGroup section */
		3AE3DD4717AD7F13005C8688 /* Utils */ = {
			isa = PBXGroup;
			children = (
				3AF6DA8D17DAD72F00CA049A /* ATSettings.h */,
				3AF6DA8E17DAD72F00CA049A /* ATUtils.h */,
				3AF6DA8F17DAD72F00CA049A /* ATUtils.m */,
			);
			name = Utils;
			sourceTree = "<group>";
		};
		47F9F51117AA2FA0007C8A8D /* Resources */ = {
			isa = PBXGroup;
			children = (
				3AE6DE4A17E4C20400BA9745 /* tabbar-icon-ticket@2x.png */,
				3AE6DE4917E4C20400BA9745 /* tabbar-icon-ticket-selected@2x.png */,
				3AE6DE4217E4BF0800BA9745 /* tabbar-icon-setting@2x.png */,
				3AE6DE4117E4BF0800BA9745 /* tabbar-icon-setting-selected@2x.png */,
				47F9F51217AA2FA0007C8A8D /* Default-568h@2x.png */,
				47F9F51317AA2FA0007C8A8D /* Default-Landscape@2x~ipad.png */,
				47F9F51417AA2FA0007C8A8D /* Default-Landscape~ipad.png */,
				47F9F51517AA2FA0007C8A8D /* Default-Portrait@2x~ipad.png */,
				47F9F51617AA2FA0007C8A8D /* Default-Portrait~ipad.png */,
				47F9F51717AA2FA0007C8A8D /* Default.png */,
				47F9F51817AA2FA0007C8A8D /* Default@2x.png */,
				47F9F51917AA2FA0007C8A8D /* Icon-72.png */,
				47F9F51A17AA2FA0007C8A8D /* Icon-72@2x.png */,
				47F9F51B17AA2FA0007C8A8D /* Icon.png */,
				47F9F51C17AA2FA0007C8A8D /* Icon@2x.png */,
			);
			path = Resources;
			sourceTree = "<group>";
		};
		47F9F52817AA35C9007C8A8D /* Models */ = {
			isa = PBXGroup;
			children = (
				47F9F52917AA35C9007C8A8D /* ATAuth.h */,
				47F9F52A17AA35C9007C8A8D /* ATAuth.m */,
				47F9F52B17AA35C9007C8A8D /* ATTicket.h */,
				47F9F52C17AA35C9007C8A8D /* ATTicket.m */,
				47F9F52D17AA35C9007C8A8D /* ATTicketList.h */,
				47F9F52E17AA35C9007C8A8D /* ATTicketList.m */,
				47F9F52F17AA35C9007C8A8D /* ATNetworking.h */,
				47F9F53017AA35C9007C8A8D /* ATNetworking.m */,
				47D67CD917B35F72001A0043 /* ATServiceLocator.h */,
				47D67CDA17B35F72001A0043 /* ATServiceLocator.m */,
				3A447F4D17B514E000C38BD0 /* ATAPI.h */,
				3A447F4E17B514E000C38BD0 /* ATAPI.m */,
			);
			path = Models;
			sourceTree = "<group>";
		};
		47F9F53517AA35D4007C8A8D /* ViewControllers */ = {
			isa = PBXGroup;
			children = (
				47F9F53617AA35D4007C8A8D /* ATAppDelegate.h */,
				47F9F53717AA35D4007C8A8D /* ATAppDelegate.m */,
				47F9F54717AA360F007C8A8D /* ATLoginViewController.h */,
				47F9F54817AA360F007C8A8D /* ATLoginViewController.m */,
				47F9F54917AA360F007C8A8D /* ATLoginViewController.xib */,
				47F9F53B17AA35D4007C8A8D /* ATTicketViewController.h */,
				47F9F53C17AA35D4007C8A8D /* ATTicketViewController.m */,
				47F9F53D17AA35D4007C8A8D /* ATTicketViewController.xib */,
				47F9F55017AA42A4007C8A8D /* ATRootTabController.h */,
				47F9F55117AA42A4007C8A8D /* ATRootTabController.m */,
				3AF6DA9317DCDF3800CA049A /* ATSettingViewController.h */,
				3AF6DA9417DCDF3800CA049A /* ATSettingViewController.m */,
			);
			path = ViewControllers;
			sourceTree = "<group>";
		};
		47F9F54317AA35E2007C8A8D /* Views */ = {
			isa = PBXGroup;
			children = (
				3AEF8DDC17AE0B8F00007E9C /* ATTicketCell.h */,
				3AEF8DDD17AE0B8F00007E9C /* ATTicketCell.m */,
				3A07B97817AE130F0043D16E /* ATTicketCell.xib */,
			);
			path = Views;
			sourceTree = "<group>";
		};
		47F9F54C17AA364F007C8A8D /* Categories */ = {
			isa = PBXGroup;
			children = (
				47F9F54D17AA364F007C8A8D /* NSDate+ATAdditions.h */,
				47F9F54E17AA364F007C8A8D /* NSDate+ATAdditions.m */,
				3AF6DA8A17D1F53E00CA049A /* UIColor+ATAdditions.h */,
				3AF6DA8B17D1F53E00CA049A /* UIColor+ATAdditions.m */,
				3AE6DE3A17E44BC300BA9745 /* NSHTTPCookieStorage+ATAdditions.h */,
				3AE6DE3B17E44BC300BA9745 /* NSHTTPCookieStorage+ATAdditions.m */,
			);
			path = Categories;
			sourceTree = "<group>";
		};
		E26BED75177081A80087E0E4 = {
			isa = PBXGroup;
			children = (
				E26BED87177081A80087E0E4 /* Animetick */,
				E26BEDA5177081A80087E0E4 /* AnimetickTests */,
				E26BED80177081A80087E0E4 /* Frameworks */,
				E26BED7F177081A80087E0E4 /* Products */,
				171813F272F244428CECCC7C /* Pods.xcconfig */,
			);
			sourceTree = "<group>";
		};
		E26BED7F177081A80087E0E4 /* Products */ = {
			isa = PBXGroup;
			children = (
				E26BED7E177081A80087E0E4 /* Animetick.app */,
				E26BED9E177081A80087E0E4 /* AnimetickTests.octest */,
			);
			name = Products;
			sourceTree = "<group>";
		};
		E26BED80177081A80087E0E4 /* Frameworks */ = {
			isa = PBXGroup;
			children = (
				E244C984179577E300F1D203 /* libsqlite3.0.dylib */,
				E26BED81177081A80087E0E4 /* UIKit.framework */,
				E26BED83177081A80087E0E4 /* Foundation.framework */,
				E26BED85177081A80087E0E4 /* CoreGraphics.framework */,
				E26BED9F177081A80087E0E4 /* SenTestingKit.framework */,
				CFCD5A7D8710465FA58C06A3 /* libPods.a */,
			);
			name = Frameworks;
			sourceTree = "<group>";
		};
		E26BED87177081A80087E0E4 /* Animetick */ = {
			isa = PBXGroup;
			children = (
				3AF6DA9117DAD7E800CA049A /* SettingStoryboard.storyboard */,
				3AE3DD4717AD7F13005C8688 /* Utils */,
				47F9F54C17AA364F007C8A8D /* Categories */,
				47F9F52817AA35C9007C8A8D /* Models */,
				47F9F54317AA35E2007C8A8D /* Views */,
				47F9F53517AA35D4007C8A8D /* ViewControllers */,
				47F9F51117AA2FA0007C8A8D /* Resources */,
				E26BED88177081A80087E0E4 /* Supporting Files */,
			);
			path = Animetick;
			sourceTree = "<group>";
		};
		E26BED88177081A80087E0E4 /* Supporting Files */ = {
			isa = PBXGroup;
			children = (
				E26BED89177081A80087E0E4 /* Animetick-Info.plist */,
				E26BED8A177081A80087E0E4 /* InfoPlist.strings */,
				E26BED8D177081A80087E0E4 /* main.m */,
				E26BED8F177081A80087E0E4 /* Animetick-Prefix.pch */,
			);
			name = "Supporting Files";
			sourceTree = "<group>";
		};
		E26BEDA5177081A80087E0E4 /* AnimetickTests */ = {
			isa = PBXGroup;
			children = (
				E26BEDAB177081A80087E0E4 /* AnimetickTests.h */,
				E26BEDAC177081A80087E0E4 /* AnimetickTests.m */,
				E26BEDA6177081A80087E0E4 /* Supporting Files */,
			);
			path = AnimetickTests;
			sourceTree = "<group>";
		};
		E26BEDA6177081A80087E0E4 /* Supporting Files */ = {
			isa = PBXGroup;
			children = (
				E26BEDA7177081A80087E0E4 /* AnimetickTests-Info.plist */,
				E26BEDA8177081A80087E0E4 /* InfoPlist.strings */,
			);
			name = "Supporting Files";
			sourceTree = "<group>";
		};
/* End PBXGroup section */

/* Begin PBXNativeTarget section */
		E26BED7D177081A80087E0E4 /* Animetick */ = {
			isa = PBXNativeTarget;
			buildConfigurationList = E26BEDB0177081A80087E0E4 /* Build configuration list for PBXNativeTarget "Animetick" */;
			buildPhases = (
				AF2A74979C924443AA623345 /* Check Pods Manifest.lock */,
				E26BED7A177081A80087E0E4 /* Sources */,
				E26BED7B177081A80087E0E4 /* Frameworks */,
				E26BED7C177081A80087E0E4 /* Resources */,
				0A44074006B24E178613047E /* Copy Pods Resources */,
			);
			buildRules = (
			);
			dependencies = (
			);
			name = Animetick;
			productName = Animetick;
			productReference = E26BED7E177081A80087E0E4 /* Animetick.app */;
			productType = "com.apple.product-type.application";
		};
		E26BED9D177081A80087E0E4 /* AnimetickTests */ = {
			isa = PBXNativeTarget;
			buildConfigurationList = E26BEDB3177081A80087E0E4 /* Build configuration list for PBXNativeTarget "AnimetickTests" */;
			buildPhases = (
				E26BED99177081A80087E0E4 /* Sources */,
				E26BED9A177081A80087E0E4 /* Frameworks */,
				E26BED9B177081A80087E0E4 /* Resources */,
				E26BED9C177081A80087E0E4 /* ShellScript */,
			);
			buildRules = (
			);
			dependencies = (
				E26BEDA4177081A80087E0E4 /* PBXTargetDependency */,
			);
			name = AnimetickTests;
			productName = AnimetickTests;
			productReference = E26BED9E177081A80087E0E4 /* AnimetickTests.octest */;
			productType = "com.apple.product-type.bundle";
		};
/* End PBXNativeTarget section */

/* Begin PBXProject section */
		E26BED76177081A80087E0E4 /* Project object */ = {
			isa = PBXProject;
			attributes = {
				CLASSPREFIX = AT;
				LastUpgradeCheck = 0460;
				ORGANIZATIONNAME = "Kazuki Akamine";
			};
			buildConfigurationList = E26BED79177081A80087E0E4 /* Build configuration list for PBXProject "Animetick" */;
			compatibilityVersion = "Xcode 3.2";
			developmentRegion = English;
			hasScannedForEncodings = 0;
			knownRegions = (
				en,
			);
			mainGroup = E26BED75177081A80087E0E4;
			productRefGroup = E26BED7F177081A80087E0E4 /* Products */;
			projectDirPath = "";
			projectRoot = "";
			targets = (
				E26BED7D177081A80087E0E4 /* Animetick */,
				E26BED9D177081A80087E0E4 /* AnimetickTests */,
			);
		};
/* End PBXProject section */

/* Begin PBXResourcesBuildPhase section */
		E26BED7C177081A80087E0E4 /* Resources */ = {
			isa = PBXResourcesBuildPhase;
			buildActionMask = 2147483647;
			files = (
				47F9F52617AA2FA0007C8A8D /* Icon.png in Resources */,
				3AE6DE4C17E4C20400BA9745 /* tabbar-icon-ticket@2x.png in Resources */,
				47F9F52017AA2FA0007C8A8D /* Default-Portrait@2x~ipad.png in Resources */,
				47F9F54B17AA360F007C8A8D /* ATLoginViewController.xib in Resources */,
				47F9F54217AA35D4007C8A8D /* ATTicketViewController.xib in Resources */,
				E26BED8C177081A80087E0E4 /* InfoPlist.strings in Resources */,
				3AF6DA9217DAD7E800CA049A /* SettingStoryboard.storyboard in Resources */,
				47F9F51F17AA2FA0007C8A8D /* Default-Landscape~ipad.png in Resources */,
				47F9F51D17AA2FA0007C8A8D /* Default-568h@2x.png in Resources */,
				47F9F52517AA2FA0007C8A8D /* Icon-72@2x.png in Resources */,
				47F9F51E17AA2FA0007C8A8D /* Default-Landscape@2x~ipad.png in Resources */,
				3AE6DE4B17E4C20400BA9745 /* tabbar-icon-ticket-selected@2x.png in Resources */,
				3AE6DE4417E4BF0800BA9745 /* tabbar-icon-setting@2x.png in Resources */,
				47F9F52217AA2FA0007C8A8D /* Default.png in Resources */,
				47F9F52317AA2FA0007C8A8D /* Default@2x.png in Resources */,
				47F9F52717AA2FA0007C8A8D /* Icon@2x.png in Resources */,
				47F9F52417AA2FA0007C8A8D /* Icon-72.png in Resources */,
				47F9F52117AA2FA0007C8A8D /* Default-Portrait~ipad.png in Resources */,
				3AE6DE4317E4BF0800BA9745 /* tabbar-icon-setting-selected@2x.png in Resources */,
				3A07B97917AE130F0043D16E /* ATTicketCell.xib in Resources */,
			);
			runOnlyForDeploymentPostprocessing = 0;
		};
		E26BED9B177081A80087E0E4 /* Resources */ = {
			isa = PBXResourcesBuildPhase;
			buildActionMask = 2147483647;
			files = (
				E26BEDAA177081A80087E0E4 /* InfoPlist.strings in Resources */,
			);
			runOnlyForDeploymentPostprocessing = 0;
		};
/* End PBXResourcesBuildPhase section */

/* Begin PBXShellScriptBuildPhase section */
		0A44074006B24E178613047E /* Copy Pods Resources */ = {
			isa = PBXShellScriptBuildPhase;
			buildActionMask = 2147483647;
			files = (
			);
			inputPaths = (
			);
			name = "Copy Pods Resources";
			outputPaths = (
			);
			runOnlyForDeploymentPostprocessing = 0;
			shellPath = /bin/sh;
			shellScript = "\"${SRCROOT}/Pods/Pods-resources.sh\"\n";
			showEnvVarsInLog = 0;
		};
		AF2A74979C924443AA623345 /* Check Pods Manifest.lock */ = {
			isa = PBXShellScriptBuildPhase;
			buildActionMask = 2147483647;
			files = (
			);
			inputPaths = (
			);
			name = "Check Pods Manifest.lock";
			outputPaths = (
			);
			runOnlyForDeploymentPostprocessing = 0;
			shellPath = /bin/sh;
			shellScript = "diff \"${PODS_ROOT}/../Podfile.lock\" \"${PODS_ROOT}/Manifest.lock\" > /dev/null\nif [[ $? != 0 ]] ; then\n    cat << EOM\nerror: The sandbox is not in sync with the Podfile.lock. Run 'pod install' or update your CocoaPods installation.\nEOM\n    exit 1\nfi\n";
			showEnvVarsInLog = 0;
		};
		E26BED9C177081A80087E0E4 /* ShellScript */ = {
			isa = PBXShellScriptBuildPhase;
			buildActionMask = 2147483647;
			files = (
			);
			inputPaths = (
			);
			outputPaths = (
			);
			runOnlyForDeploymentPostprocessing = 0;
			shellPath = /bin/sh;
			shellScript = "# Run the unit tests in this test bundle.\n\"${SYSTEM_DEVELOPER_DIR}/Tools/RunUnitTests\"\n";
		};
/* End PBXShellScriptBuildPhase section */

/* Begin PBXSourcesBuildPhase section */
		E26BED7A177081A80087E0E4 /* Sources */ = {
			isa = PBXSourcesBuildPhase;
			buildActionMask = 2147483647;
			files = (
				47F9F53E17AA35D4007C8A8D /* ATAppDelegate.m in Sources */,
				47F9F53417AA35C9007C8A8D /* ATNetworking.m in Sources */,
				47D67CDB17B35F72001A0043 /* ATServiceLocator.m in Sources */,
				47F9F54117AA35D4007C8A8D /* ATTicketViewController.m in Sources */,
				3AE6DE3C17E44BC300BA9745 /* NSHTTPCookieStorage+ATAdditions.m in Sources */,
				E26BED8E177081A80087E0E4 /* main.m in Sources */,
				47F9F53217AA35C9007C8A8D /* ATTicket.m in Sources */,
				3AF6DA9517DCDF3800CA049A /* ATSettingViewController.m in Sources */,
				47F9F53317AA35C9007C8A8D /* ATTicketList.m in Sources */,
				3AF6DA8C17D1F53E00CA049A /* UIColor+ATAdditions.m in Sources */,
				47F9F55217AA42A4007C8A8D /* ATRootTabController.m in Sources */,
				47F9F54A17AA360F007C8A8D /* ATLoginViewController.m in Sources */,
				47F9F54F17AA364F007C8A8D /* NSDate+ATAdditions.m in Sources */,
				3A447F4F17B514E000C38BD0 /* ATAPI.m in Sources */,
				3AF6DA9017DAD72F00CA049A /* ATUtils.m in Sources */,
				47F9F53117AA35C9007C8A8D /* ATAuth.m in Sources */,
				3AEF8DDE17AE0B8F00007E9C /* ATTicketCell.m in Sources */,
			);
			runOnlyForDeploymentPostprocessing = 0;
		};
		E26BED99177081A80087E0E4 /* Sources */ = {
			isa = PBXSourcesBuildPhase;
			buildActionMask = 2147483647;
			files = (
				E26BEDAD177081A80087E0E4 /* AnimetickTests.m in Sources */,
			);
			runOnlyForDeploymentPostprocessing = 0;
		};
/* End PBXSourcesBuildPhase section */

/* Begin PBXTargetDependency section */
		E26BEDA4177081A80087E0E4 /* PBXTargetDependency */ = {
			isa = PBXTargetDependency;
			target = E26BED7D177081A80087E0E4 /* Animetick */;
			targetProxy = E26BEDA3177081A80087E0E4 /* PBXContainerItemProxy */;
		};
/* End PBXTargetDependency section */

/* Begin PBXVariantGroup section */
		E26BED8A177081A80087E0E4 /* InfoPlist.strings */ = {
			isa = PBXVariantGroup;
			children = (
				E26BED8B177081A80087E0E4 /* en */,
			);
			name = InfoPlist.strings;
			sourceTree = "<group>";
		};
		E26BEDA8177081A80087E0E4 /* InfoPlist.strings */ = {
			isa = PBXVariantGroup;
			children = (
				E26BEDA9177081A80087E0E4 /* en */,
			);
			name = InfoPlist.strings;
			sourceTree = "<group>";
		};
/* End PBXVariantGroup section */

/* Begin XCBuildConfiguration section */
		E26BEDAE177081A80087E0E4 /* Debug */ = {
			isa = XCBuildConfiguration;
			buildSettings = {
				ALWAYS_SEARCH_USER_PATHS = NO;
				CLANG_CXX_LANGUAGE_STANDARD = "gnu++0x";
				CLANG_CXX_LIBRARY = "libc++";
				CLANG_ENABLE_OBJC_ARC = YES;
				CLANG_WARN_CONSTANT_CONVERSION = YES;
				CLANG_WARN_EMPTY_BODY = YES;
				CLANG_WARN_ENUM_CONVERSION = YES;
				CLANG_WARN_INT_CONVERSION = YES;
				CLANG_WARN__DUPLICATE_METHOD_MATCH = YES;
				"CODE_SIGN_IDENTITY[sdk=iphoneos*]" = "iPhone Developer";
				COPY_PHASE_STRIP = NO;
				GCC_C_LANGUAGE_STANDARD = gnu99;
				GCC_DYNAMIC_NO_PIC = NO;
				GCC_OPTIMIZATION_LEVEL = 0;
				GCC_PREPROCESSOR_DEFINITIONS = (
					"DEBUG=1",
					"$(inherited)",
				);
				GCC_SYMBOLS_PRIVATE_EXTERN = NO;
				GCC_WARN_ABOUT_RETURN_TYPE = YES;
				GCC_WARN_UNINITIALIZED_AUTOS = YES;
				GCC_WARN_UNUSED_VARIABLE = YES;
				IPHONEOS_DEPLOYMENT_TARGET = 6.1;
				ONLY_ACTIVE_ARCH = YES;
				SDKROOT = iphoneos;
				TARGETED_DEVICE_FAMILY = "1,2";
			};
			name = Debug;
		};
		E26BEDAF177081A80087E0E4 /* Release */ = {
			isa = XCBuildConfiguration;
			buildSettings = {
				ALWAYS_SEARCH_USER_PATHS = NO;
				CLANG_CXX_LANGUAGE_STANDARD = "gnu++0x";
				CLANG_CXX_LIBRARY = "libc++";
				CLANG_ENABLE_OBJC_ARC = YES;
				CLANG_WARN_CONSTANT_CONVERSION = YES;
				CLANG_WARN_EMPTY_BODY = YES;
				CLANG_WARN_ENUM_CONVERSION = YES;
				CLANG_WARN_INT_CONVERSION = YES;
				CLANG_WARN__DUPLICATE_METHOD_MATCH = YES;
				"CODE_SIGN_IDENTITY[sdk=iphoneos*]" = "iPhone Developer";
				COPY_PHASE_STRIP = YES;
				GCC_C_LANGUAGE_STANDARD = gnu99;
				GCC_WARN_ABOUT_RETURN_TYPE = YES;
				GCC_WARN_UNINITIALIZED_AUTOS = YES;
				GCC_WARN_UNUSED_VARIABLE = YES;
				IPHONEOS_DEPLOYMENT_TARGET = 6.1;
				OTHER_CFLAGS = "-DNS_BLOCK_ASSERTIONS=1";
				SDKROOT = iphoneos;
				TARGETED_DEVICE_FAMILY = "1,2";
				VALIDATE_PRODUCT = YES;
			};
			name = Release;
		};
		E26BEDB1177081A80087E0E4 /* Debug */ = {
			isa = XCBuildConfiguration;
			baseConfigurationReference = 171813F272F244428CECCC7C /* Pods.xcconfig */;
			buildSettings = {
				GCC_PRECOMPILE_PREFIX_HEADER = YES;
				GCC_PREFIX_HEADER = "Animetick/Animetick-Prefix.pch";
				INFOPLIST_FILE = "Animetick/Animetick-Info.plist";
				PRODUCT_NAME = "$(TARGET_NAME)";
				TARGETED_DEVICE_FAMILY = "1,2";
				WRAPPER_EXTENSION = app;
			};
			name = Debug;
		};
		E26BEDB2177081A80087E0E4 /* Release */ = {
			isa = XCBuildConfiguration;
			baseConfigurationReference = 171813F272F244428CECCC7C /* Pods.xcconfig */;
			buildSettings = {
				GCC_PRECOMPILE_PREFIX_HEADER = YES;
				GCC_PREFIX_HEADER = "Animetick/Animetick-Prefix.pch";
				INFOPLIST_FILE = "Animetick/Animetick-Info.plist";
				PRODUCT_NAME = "$(TARGET_NAME)";
				TARGETED_DEVICE_FAMILY = "1,2";
				WRAPPER_EXTENSION = app;
			};
			name = Release;
		};
		E26BEDB4177081A80087E0E4 /* Debug */ = {
			isa = XCBuildConfiguration;
			buildSettings = {
				BUNDLE_LOADER = "$(BUILT_PRODUCTS_DIR)/Animetick.app/Animetick";
				FRAMEWORK_SEARCH_PATHS = (
					"\"$(SDKROOT)/Developer/Library/Frameworks\"",
					"\"$(DEVELOPER_LIBRARY_DIR)/Frameworks\"",
				);
				GCC_PRECOMPILE_PREFIX_HEADER = YES;
				GCC_PREFIX_HEADER = "Animetick/Animetick-Prefix.pch";
				INFOPLIST_FILE = "AnimetickTests/AnimetickTests-Info.plist";
				PRODUCT_NAME = "$(TARGET_NAME)";
				TEST_HOST = "$(BUNDLE_LOADER)";
				WRAPPER_EXTENSION = octest;
			};
			name = Debug;
		};
		E26BEDB5177081A80087E0E4 /* Release */ = {
			isa = XCBuildConfiguration;
			buildSettings = {
				BUNDLE_LOADER = "$(BUILT_PRODUCTS_DIR)/Animetick.app/Animetick";
				FRAMEWORK_SEARCH_PATHS = (
					"\"$(SDKROOT)/Developer/Library/Frameworks\"",
					"\"$(DEVELOPER_LIBRARY_DIR)/Frameworks\"",
				);
				GCC_PRECOMPILE_PREFIX_HEADER = YES;
				GCC_PREFIX_HEADER = "Animetick/Animetick-Prefix.pch";
				INFOPLIST_FILE = "AnimetickTests/AnimetickTests-Info.plist";
				PRODUCT_NAME = "$(TARGET_NAME)";
				TEST_HOST = "$(BUNDLE_LOADER)";
				WRAPPER_EXTENSION = octest;
			};
			name = Release;
		};
/* End XCBuildConfiguration section */

/* Begin XCConfigurationList section */
		E26BED79177081A80087E0E4 /* Build configuration list for PBXProject "Animetick" */ = {
			isa = XCConfigurationList;
			buildConfigurations = (
				E26BEDAE177081A80087E0E4 /* Debug */,
				E26BEDAF177081A80087E0E4 /* Release */,
			);
			defaultConfigurationIsVisible = 0;
			defaultConfigurationName = Release;
		};
		E26BEDB0177081A80087E0E4 /* Build configuration list for PBXNativeTarget "Animetick" */ = {
			isa = XCConfigurationList;
			buildConfigurations = (
				E26BEDB1177081A80087E0E4 /* Debug */,
				E26BEDB2177081A80087E0E4 /* Release */,
			);
			defaultConfigurationIsVisible = 0;
			defaultConfigurationName = Release;
		};
		E26BEDB3177081A80087E0E4 /* Build configuration list for PBXNativeTarget "AnimetickTests" */ = {
			isa = XCConfigurationList;
			buildConfigurations = (
				E26BEDB4177081A80087E0E4 /* Debug */,
				E26BEDB5177081A80087E0E4 /* Release */,
			);
			defaultConfigurationIsVisible = 0;
			defaultConfigurationName = Release;
		};
/* End XCConfigurationList section */
	};
	rootObject = E26BED76177081A80087E0E4 /* Project object */;
}
