// !$*UTF8*$!
{
	archiveVersion = 1;
	classes = {
	};
	objectVersion = 46;
	objects = {

/* Begin PBXBuildFile section */
		115F827C60F94EA499E3C1F7 /* libPods.a in Frameworks */ = {isa = PBXBuildFile; fileRef = CFCD5A7D8710465FA58C06A3 /* libPods.a */; };
		3A0289EA18763A2700C041F7 /* ATUpdatableTableView.m in Sources */ = {isa = PBXBuildFile; fileRef = 3A0289E918763A2700C041F7 /* ATUpdatableTableView.m */; };
		3A0289ED187690EC00C041F7 /* ATTicketSection.m in Sources */ = {isa = PBXBuildFile; fileRef = 3A0289EC187690EC00C041F7 /* ATTicketSection.m */; };
		3A0289F018824E9900C041F7 /* ATTableViewUpdates.m in Sources */ = {isa = PBXBuildFile; fileRef = 3A0289EF18824E9900C041F7 /* ATTableViewUpdates.m */; };
		3A3462311843A729002A5E57 /* ATPaddingIndicator.xib in Resources */ = {isa = PBXBuildFile; fileRef = 3A3462301843A729002A5E57 /* ATPaddingIndicator.xib */; };
		3A3462341843A886002A5E57 /* ATPaddingIndicator.m in Sources */ = {isa = PBXBuildFile; fileRef = 3A3462331843A886002A5E57 /* ATPaddingIndicator.m */; };
		3A34623618466C50002A5E57 /* CoreText.framework in Frameworks */ = {isa = PBXBuildFile; fileRef = 3A34623518466C50002A5E57 /* CoreText.framework */; };
		3A40501717F5D6A2008A6997 /* ATDateUtilsTests.m in Sources */ = {isa = PBXBuildFile; fileRef = 3A40501617F5D6A2008A6997 /* ATDateUtilsTests.m */; };
		3A447F4F17B514E000C38BD0 /* ATAPI.m in Sources */ = {isa = PBXBuildFile; fileRef = 3A447F4E17B514E000C38BD0 /* ATAPI.m */; };
		3A7CF14B17E9DF18009A0D1B /* ATAlertView.m in Sources */ = {isa = PBXBuildFile; fileRef = 3A7CF14A17E9DF18009A0D1B /* ATAlertView.m */; };
		3A7FBD3917E5EE27004F7091 /* animetick_ios7_512.png in Resources */ = {isa = PBXBuildFile; fileRef = 3A7FBD3317E5EE27004F7091 /* animetick_ios7_512.png */; };
		3A7FBD3A17E5EE27004F7091 /* animetick_ios7_1024.png in Resources */ = {isa = PBXBuildFile; fileRef = 3A7FBD3417E5EE27004F7091 /* animetick_ios7_1024.png */; };
		3A7FBD3B17E5EE27004F7091 /* animetick_ios7_76.png in Resources */ = {isa = PBXBuildFile; fileRef = 3A7FBD3517E5EE27004F7091 /* animetick_ios7_76.png */; };
		3A7FBD3C17E5EE27004F7091 /* animetick_ios7_152.png in Resources */ = {isa = PBXBuildFile; fileRef = 3A7FBD3617E5EE27004F7091 /* animetick_ios7_152.png */; };
		3A7FBD3D17E5EE27004F7091 /* animetick_ios7_60.png in Resources */ = {isa = PBXBuildFile; fileRef = 3A7FBD3717E5EE27004F7091 /* animetick_ios7_60.png */; };
		3A7FBD3E17E5EE27004F7091 /* animetick_ios7_120.png in Resources */ = {isa = PBXBuildFile; fileRef = 3A7FBD3817E5EE27004F7091 /* animetick_ios7_120.png */; };
		3A7FBD4317E5F3B1004F7091 /* Default-Portrait@2x~ipad.png in Resources */ = {isa = PBXBuildFile; fileRef = 3A7FBD3F17E5F3B1004F7091 /* Default-Portrait@2x~ipad.png */; };
		3A7FBD4417E5F3B1004F7091 /* Default-Portrait~ipad.png in Resources */ = {isa = PBXBuildFile; fileRef = 3A7FBD4017E5F3B1004F7091 /* Default-Portrait~ipad.png */; };
		3A7FBD4517E5F3B1004F7091 /* Default-Landscape@2x~ipad.png in Resources */ = {isa = PBXBuildFile; fileRef = 3A7FBD4117E5F3B1004F7091 /* Default-Landscape@2x~ipad.png */; };
		3A7FBD4617E5F3B1004F7091 /* Default-Landscape~ipad.png in Resources */ = {isa = PBXBuildFile; fileRef = 3A7FBD4217E5F3B1004F7091 /* Default-Landscape~ipad.png */; };
		3A7FBD4917E6AE71004F7091 /* ATDateUtils.m in Sources */ = {isa = PBXBuildFile; fileRef = 3A7FBD4817E6AE71004F7091 /* ATDateUtils.m */; };
		3A88C8CB19D8071700D4B00A /* animetick_ios7_180.png in Resources */ = {isa = PBXBuildFile; fileRef = 3A88C8CA19D8071700D4B00A /* animetick_ios7_180.png */; };
		3AA10E8F1812489600D37897 /* ATTicketContentView.xib in Resources */ = {isa = PBXBuildFile; fileRef = 3AA10E8E1812489600D37897 /* ATTicketContentView.xib */; };
		3AA10E9218124DBF00D37897 /* ATTicketContentView.m in Sources */ = {isa = PBXBuildFile; fileRef = 3AA10E9118124DBF00D37897 /* ATTicketContentView.m */; };
		3AA10E951814148200D37897 /* ATTableViewCellButtonView.m in Sources */ = {isa = PBXBuildFile; fileRef = 3AA10E941814148200D37897 /* ATTableViewCellButtonView.m */; };
		3AA10E98181415A900D37897 /* ATSwipableTableViewCell.m in Sources */ = {isa = PBXBuildFile; fileRef = 3AA10E97181415A900D37897 /* ATSwipableTableViewCell.m */; };
		3AB46FAE19D6D96E00F50694 /* Images.xcassets in Resources */ = {isa = PBXBuildFile; fileRef = 3AB46FAD19D6D96E00F50694 /* Images.xcassets */; };
		3AB46FB019D6E01700F50694 /* ATLaunchScreen.xib in Resources */ = {isa = PBXBuildFile; fileRef = 3AB46FAF19D6E01700F50694 /* ATLaunchScreen.xib */; };
		3ACB7C2918202312007E981D /* TicketStoryboard.storyboard in Resources */ = {isa = PBXBuildFile; fileRef = 3ACB7C2818202312007E981D /* TicketStoryboard.storyboard */; };
		3ACB7C2C182026A0007E981D /* ATTicketSegmentViewController.m in Sources */ = {isa = PBXBuildFile; fileRef = 3ACB7C2B182026A0007E981D /* ATTicketSegmentViewController.m */; };
		3AE6DE3C17E44BC300BA9745 /* NSHTTPCookieStorage+ATAdditions.m in Sources */ = {isa = PBXBuildFile; fileRef = 3AE6DE3B17E44BC300BA9745 /* NSHTTPCookieStorage+ATAdditions.m */; };
		3AE6DE4317E4BF0800BA9745 /* tabbar-icon-setting-selected@2x.png in Resources */ = {isa = PBXBuildFile; fileRef = 3AE6DE4117E4BF0800BA9745 /* tabbar-icon-setting-selected@2x.png */; };
		3AE6DE4417E4BF0800BA9745 /* tabbar-icon-setting@2x.png in Resources */ = {isa = PBXBuildFile; fileRef = 3AE6DE4217E4BF0800BA9745 /* tabbar-icon-setting@2x.png */; };
		3AE6DE4B17E4C20400BA9745 /* tabbar-icon-ticket-selected@2x.png in Resources */ = {isa = PBXBuildFile; fileRef = 3AE6DE4917E4C20400BA9745 /* tabbar-icon-ticket-selected@2x.png */; };
		3AE6DE4C17E4C20400BA9745 /* tabbar-icon-ticket@2x.png in Resources */ = {isa = PBXBuildFile; fileRef = 3AE6DE4A17E4C20400BA9745 /* tabbar-icon-ticket@2x.png */; };
		3AE6DE4F17E4C72600BA9745 /* ATUserConfigurations.m in Sources */ = {isa = PBXBuildFile; fileRef = 3AE6DE4E17E4C72600BA9745 /* ATUserConfigurations.m */; };
		3AE9816D1A8702D7000AB4E1 /* ATDataSourceDiffPatch.m in Sources */ = {isa = PBXBuildFile; fileRef = 3AE9816C1A8702D7000AB4E1 /* ATDataSourceDiffPatch.m */; };
		3AEF8DDE17AE0B8F00007E9C /* ATTicketCell.m in Sources */ = {isa = PBXBuildFile; fileRef = 3AEF8DDD17AE0B8F00007E9C /* ATTicketCell.m */; };
		3AF6DA8C17D1F53E00CA049A /* UIColor+ATAdditions.m in Sources */ = {isa = PBXBuildFile; fileRef = 3AF6DA8B17D1F53E00CA049A /* UIColor+ATAdditions.m */; };
		3AF6DA9017DAD72F00CA049A /* ATUtils.m in Sources */ = {isa = PBXBuildFile; fileRef = 3AF6DA8F17DAD72F00CA049A /* ATUtils.m */; };
		3AF6DA9217DAD7E800CA049A /* SettingStoryboard.storyboard in Resources */ = {isa = PBXBuildFile; fileRef = 3AF6DA9117DAD7E800CA049A /* SettingStoryboard.storyboard */; };
		3AF6DA9517DCDF3800CA049A /* ATSettingViewController.m in Sources */ = {isa = PBXBuildFile; fileRef = 3AF6DA9417DCDF3800CA049A /* ATSettingViewController.m */; };
		470D11B3183B5C520019B0E1 /* LibraryLicenses.txt in Resources */ = {isa = PBXBuildFile; fileRef = 470D11B2183B5C0B0019B0E1 /* LibraryLicenses.txt */; };
		470D11B6183B5E040019B0E1 /* ATLisenceViewController.m in Sources */ = {isa = PBXBuildFile; fileRef = 470D11B5183B5E040019B0E1 /* ATLisenceViewController.m */; };
		470D11BA183F4BA50019B0E1 /* ATTicketLayout.m in Sources */ = {isa = PBXBuildFile; fileRef = 470D11B9183F4BA50019B0E1 /* ATTicketLayout.m */; };
		470D11BD1845C9100019B0E1 /* ATImageLoader.m in Sources */ = {isa = PBXBuildFile; fileRef = 470D11BC1845C9100019B0E1 /* ATImageLoader.m */; };
		475A5AE91845F55F001062CC /* UIImage+ATAdditions.m in Sources */ = {isa = PBXBuildFile; fileRef = 475A5AE81845F55F001062CC /* UIImage+ATAdditions.m */; };
		477D115E183A01DD0040D414 /* ATUtilsTests.m in Sources */ = {isa = PBXBuildFile; fileRef = 477D115D183A01DD0040D414 /* ATUtilsTests.m */; };
		47D67CDB17B35F72001A0043 /* ATServiceLocator.m in Sources */ = {isa = PBXBuildFile; fileRef = 47D67CDA17B35F72001A0043 /* ATServiceLocator.m */; };
		47F9F51D17AA2FA0007C8A8D /* Default-568h@2x.png in Resources */ = {isa = PBXBuildFile; fileRef = 47F9F51217AA2FA0007C8A8D /* Default-568h@2x.png */; };
		47F9F52217AA2FA0007C8A8D /* Default.png in Resources */ = {isa = PBXBuildFile; fileRef = 47F9F51717AA2FA0007C8A8D /* Default.png */; };
		47F9F52317AA2FA0007C8A8D /* Default@2x.png in Resources */ = {isa = PBXBuildFile; fileRef = 47F9F51817AA2FA0007C8A8D /* Default@2x.png */; };
		47F9F53117AA35C9007C8A8D /* ATAuth.m in Sources */ = {isa = PBXBuildFile; fileRef = 47F9F52A17AA35C9007C8A8D /* ATAuth.m */; };
		47F9F53217AA35C9007C8A8D /* ATTicket.m in Sources */ = {isa = PBXBuildFile; fileRef = 47F9F52C17AA35C9007C8A8D /* ATTicket.m */; };
		47F9F53317AA35C9007C8A8D /* ATTicketList.m in Sources */ = {isa = PBXBuildFile; fileRef = 47F9F52E17AA35C9007C8A8D /* ATTicketList.m */; };
		47F9F53417AA35C9007C8A8D /* ATNetworking.m in Sources */ = {isa = PBXBuildFile; fileRef = 47F9F53017AA35C9007C8A8D /* ATNetworking.m */; };
		47F9F53E17AA35D4007C8A8D /* ATAppDelegate.m in Sources */ = {isa = PBXBuildFile; fileRef = 47F9F53717AA35D4007C8A8D /* ATAppDelegate.m */; };
		47F9F54117AA35D4007C8A8D /* ATTicketViewController.m in Sources */ = {isa = PBXBuildFile; fileRef = 47F9F53C17AA35D4007C8A8D /* ATTicketViewController.m */; };
		47F9F54A17AA360F007C8A8D /* ATLoginViewController.m in Sources */ = {isa = PBXBuildFile; fileRef = 47F9F54817AA360F007C8A8D /* ATLoginViewController.m */; };
		47F9F54B17AA360F007C8A8D /* ATLoginViewController.xib in Resources */ = {isa = PBXBuildFile; fileRef = 47F9F54917AA360F007C8A8D /* ATLoginViewController.xib */; };
		47F9F54F17AA364F007C8A8D /* NSDate+ATAdditions.m in Sources */ = {isa = PBXBuildFile; fileRef = 47F9F54E17AA364F007C8A8D /* NSDate+ATAdditions.m */; };
		47F9F55217AA42A4007C8A8D /* ATRootTabController.m in Sources */ = {isa = PBXBuildFile; fileRef = 47F9F55117AA42A4007C8A8D /* ATRootTabController.m */; };
		E26BED82177081A80087E0E4 /* UIKit.framework in Frameworks */ = {isa = PBXBuildFile; fileRef = E26BED81177081A80087E0E4 /* UIKit.framework */; };
		E26BED84177081A80087E0E4 /* Foundation.framework in Frameworks */ = {isa = PBXBuildFile; fileRef = E26BED83177081A80087E0E4 /* Foundation.framework */; };
		E26BED86177081A80087E0E4 /* CoreGraphics.framework in Frameworks */ = {isa = PBXBuildFile; fileRef = E26BED85177081A80087E0E4 /* CoreGraphics.framework */; };
		E26BED8C177081A80087E0E4 /* InfoPlist.strings in Resources */ = {isa = PBXBuildFile; fileRef = E26BED8A177081A80087E0E4 /* InfoPlist.strings */; };
		E26BED8E177081A80087E0E4 /* main.m in Sources */ = {isa = PBXBuildFile; fileRef = E26BED8D177081A80087E0E4 /* main.m */; };
		E26BEDA1177081A80087E0E4 /* UIKit.framework in Frameworks */ = {isa = PBXBuildFile; fileRef = E26BED81177081A80087E0E4 /* UIKit.framework */; };
		E26BEDA2177081A80087E0E4 /* Foundation.framework in Frameworks */ = {isa = PBXBuildFile; fileRef = E26BED83177081A80087E0E4 /* Foundation.framework */; };
		E26BEDAA177081A80087E0E4 /* InfoPlist.strings in Resources */ = {isa = PBXBuildFile; fileRef = E26BEDA8177081A80087E0E4 /* InfoPlist.strings */; };
		E26BEDAD177081A80087E0E4 /* AnimetickTests.m in Sources */ = {isa = PBXBuildFile; fileRef = E26BEDAC177081A80087E0E4 /* AnimetickTests.m */; };
/* End PBXBuildFile section */

/* Begin PBXContainerItemProxy section */
		E26BEDA3177081A80087E0E4 /* PBXContainerItemProxy */ = {
			isa = PBXContainerItemProxy;
			containerPortal = E26BED76177081A80087E0E4 /* Project object */;
			proxyType = 1;
			remoteGlobalIDString = E26BED7D177081A80087E0E4;
			remoteInfo = Animetick;
		};
/* End PBXContainerItemProxy section */

/* Begin PBXFileReference section */
		3A0289E818763A2700C041F7 /* ATUpdatableTableView.h */ = {isa = PBXFileReference; fileEncoding = 4; lastKnownFileType = sourcecode.c.h; name = ATUpdatableTableView.h; path = Animetick/Views/ATUpdatableTableView.h; sourceTree = SOURCE_ROOT; };
		3A0289E918763A2700C041F7 /* ATUpdatableTableView.m */ = {isa = PBXFileReference; fileEncoding = 4; lastKnownFileType = sourcecode.c.objc; name = ATUpdatableTableView.m; path = Animetick/Views/ATUpdatableTableView.m; sourceTree = SOURCE_ROOT; };
		3A0289EB187690EC00C041F7 /* ATTicketSection.h */ = {isa = PBXFileReference; fileEncoding = 4; lastKnownFileType = sourcecode.c.h; path = ATTicketSection.h; sourceTree = "<group>"; };
		3A0289EC187690EC00C041F7 /* ATTicketSection.m */ = {isa = PBXFileReference; fileEncoding = 4; lastKnownFileType = sourcecode.c.objc; path = ATTicketSection.m; sourceTree = "<group>"; };
		3A0289EE18824E9900C041F7 /* ATTableViewUpdates.h */ = {isa = PBXFileReference; fileEncoding = 4; lastKnownFileType = sourcecode.c.h; path = ATTableViewUpdates.h; sourceTree = "<group>"; };
		3A0289EF18824E9900C041F7 /* ATTableViewUpdates.m */ = {isa = PBXFileReference; fileEncoding = 4; lastKnownFileType = sourcecode.c.objc; path = ATTableViewUpdates.m; sourceTree = "<group>"; };
		3A3462301843A729002A5E57 /* ATPaddingIndicator.xib */ = {isa = PBXFileReference; fileEncoding = 4; lastKnownFileType = file.xib; path = ATPaddingIndicator.xib; sourceTree = "<group>"; };
		3A3462321843A886002A5E57 /* ATPaddingIndicator.h */ = {isa = PBXFileReference; fileEncoding = 4; lastKnownFileType = sourcecode.c.h; path = ATPaddingIndicator.h; sourceTree = "<group>"; };
		3A3462331843A886002A5E57 /* ATPaddingIndicator.m */ = {isa = PBXFileReference; fileEncoding = 4; lastKnownFileType = sourcecode.c.objc; path = ATPaddingIndicator.m; sourceTree = "<group>"; };
		3A34623518466C50002A5E57 /* CoreText.framework */ = {isa = PBXFileReference; lastKnownFileType = wrapper.framework; name = CoreText.framework; path = System/Library/Frameworks/CoreText.framework; sourceTree = SDKROOT; };
		3A40501617F5D6A2008A6997 /* ATDateUtilsTests.m */ = {isa = PBXFileReference; fileEncoding = 4; lastKnownFileType = sourcecode.c.objc; path = ATDateUtilsTests.m; sourceTree = "<group>"; };
		3A447F4D17B514E000C38BD0 /* ATAPI.h */ = {isa = PBXFileReference; fileEncoding = 4; lastKnownFileType = sourcecode.c.h; path = ATAPI.h; sourceTree = "<group>"; };
		3A447F4E17B514E000C38BD0 /* ATAPI.m */ = {isa = PBXFileReference; fileEncoding = 4; lastKnownFileType = sourcecode.c.objc; path = ATAPI.m; sourceTree = "<group>"; };
		3A7CF14917E9DF18009A0D1B /* ATAlertView.h */ = {isa = PBXFileReference; fileEncoding = 4; lastKnownFileType = sourcecode.c.h; path = ATAlertView.h; sourceTree = "<group>"; };
		3A7CF14A17E9DF18009A0D1B /* ATAlertView.m */ = {isa = PBXFileReference; fileEncoding = 4; lastKnownFileType = sourcecode.c.objc; path = ATAlertView.m; sourceTree = "<group>"; };
		3A7FBD3317E5EE27004F7091 /* animetick_ios7_512.png */ = {isa = PBXFileReference; lastKnownFileType = image.png; path = animetick_ios7_512.png; sourceTree = "<group>"; };
		3A7FBD3417E5EE27004F7091 /* animetick_ios7_1024.png */ = {isa = PBXFileReference; lastKnownFileType = image.png; path = animetick_ios7_1024.png; sourceTree = "<group>"; };
		3A7FBD3517E5EE27004F7091 /* animetick_ios7_76.png */ = {isa = PBXFileReference; lastKnownFileType = image.png; path = animetick_ios7_76.png; sourceTree = "<group>"; };
		3A7FBD3617E5EE27004F7091 /* animetick_ios7_152.png */ = {isa = PBXFileReference; lastKnownFileType = image.png; path = animetick_ios7_152.png; sourceTree = "<group>"; };
		3A7FBD3717E5EE27004F7091 /* animetick_ios7_60.png */ = {isa = PBXFileReference; lastKnownFileType = image.png; path = animetick_ios7_60.png; sourceTree = "<group>"; };
		3A7FBD3817E5EE27004F7091 /* animetick_ios7_120.png */ = {isa = PBXFileReference; lastKnownFileType = image.png; path = animetick_ios7_120.png; sourceTree = "<group>"; };
		3A7FBD3F17E5F3B1004F7091 /* Default-Portrait@2x~ipad.png */ = {isa = PBXFileReference; lastKnownFileType = image.png; path = "Default-Portrait@2x~ipad.png"; sourceTree = "<group>"; };
		3A7FBD4017E5F3B1004F7091 /* Default-Portrait~ipad.png */ = {isa = PBXFileReference; lastKnownFileType = image.png; path = "Default-Portrait~ipad.png"; sourceTree = "<group>"; };
		3A7FBD4117E5F3B1004F7091 /* Default-Landscape@2x~ipad.png */ = {isa = PBXFileReference; lastKnownFileType = image.png; path = "Default-Landscape@2x~ipad.png"; sourceTree = "<group>"; };
		3A7FBD4217E5F3B1004F7091 /* Default-Landscape~ipad.png */ = {isa = PBXFileReference; lastKnownFileType = image.png; path = "Default-Landscape~ipad.png"; sourceTree = "<group>"; };
		3A7FBD4717E6AE71004F7091 /* ATDateUtils.h */ = {isa = PBXFileReference; fileEncoding = 4; lastKnownFileType = sourcecode.c.h; path = ATDateUtils.h; sourceTree = "<group>"; };
		3A7FBD4817E6AE71004F7091 /* ATDateUtils.m */ = {isa = PBXFileReference; fileEncoding = 4; lastKnownFileType = sourcecode.c.objc; path = ATDateUtils.m; sourceTree = "<group>"; };
		3A88C8CA19D8071700D4B00A /* animetick_ios7_180.png */ = {isa = PBXFileReference; lastKnownFileType = image.png; path = animetick_ios7_180.png; sourceTree = "<group>"; };
		3AA10E8E1812489600D37897 /* ATTicketContentView.xib */ = {isa = PBXFileReference; fileEncoding = 4; lastKnownFileType = file.xib; path = ATTicketContentView.xib; sourceTree = "<group>"; };
		3AA10E9018124DBF00D37897 /* ATTicketContentView.h */ = {isa = PBXFileReference; fileEncoding = 4; lastKnownFileType = sourcecode.c.h; path = ATTicketContentView.h; sourceTree = "<group>"; };
		3AA10E9118124DBF00D37897 /* ATTicketContentView.m */ = {isa = PBXFileReference; fileEncoding = 4; lastKnownFileType = sourcecode.c.objc; path = ATTicketContentView.m; sourceTree = "<group>"; };
		3AA10E931814148200D37897 /* ATTableViewCellButtonView.h */ = {isa = PBXFileReference; fileEncoding = 4; lastKnownFileType = sourcecode.c.h; path = ATTableViewCellButtonView.h; sourceTree = "<group>"; };
		3AA10E941814148200D37897 /* ATTableViewCellButtonView.m */ = {isa = PBXFileReference; fileEncoding = 4; lastKnownFileType = sourcecode.c.objc; path = ATTableViewCellButtonView.m; sourceTree = "<group>"; };
		3AA10E96181415A900D37897 /* ATSwipableTableViewCell.h */ = {isa = PBXFileReference; fileEncoding = 4; lastKnownFileType = sourcecode.c.h; path = ATSwipableTableViewCell.h; sourceTree = "<group>"; };
		3AA10E97181415A900D37897 /* ATSwipableTableViewCell.m */ = {isa = PBXFileReference; fileEncoding = 4; lastKnownFileType = sourcecode.c.objc; path = ATSwipableTableViewCell.m; sourceTree = "<group>"; };
		3AB46FAD19D6D96E00F50694 /* Images.xcassets */ = {isa = PBXFileReference; lastKnownFileType = folder.assetcatalog; path = Images.xcassets; sourceTree = "<group>"; };
		3AB46FAF19D6E01700F50694 /* ATLaunchScreen.xib */ = {isa = PBXFileReference; fileEncoding = 4; lastKnownFileType = file.xib; path = ATLaunchScreen.xib; sourceTree = "<group>"; };
		3ACB7C2818202312007E981D /* TicketStoryboard.storyboard */ = {isa = PBXFileReference; fileEncoding = 4; lastKnownFileType = file.storyboard; path = TicketStoryboard.storyboard; sourceTree = "<group>"; };
		3ACB7C2A182026A0007E981D /* ATTicketSegmentViewController.h */ = {isa = PBXFileReference; fileEncoding = 4; lastKnownFileType = sourcecode.c.h; path = ATTicketSegmentViewController.h; sourceTree = "<group>"; };
		3ACB7C2B182026A0007E981D /* ATTicketSegmentViewController.m */ = {isa = PBXFileReference; fileEncoding = 4; lastKnownFileType = sourcecode.c.objc; path = ATTicketSegmentViewController.m; sourceTree = "<group>"; };
		3AE6DE3A17E44BC300BA9745 /* NSHTTPCookieStorage+ATAdditions.h */ = {isa = PBXFileReference; fileEncoding = 4; lastKnownFileType = sourcecode.c.h; path = "NSHTTPCookieStorage+ATAdditions.h"; sourceTree = "<group>"; };
		3AE6DE3B17E44BC300BA9745 /* NSHTTPCookieStorage+ATAdditions.m */ = {isa = PBXFileReference; fileEncoding = 4; lastKnownFileType = sourcecode.c.objc; path = "NSHTTPCookieStorage+ATAdditions.m"; sourceTree = "<group>"; };
		3AE6DE4117E4BF0800BA9745 /* tabbar-icon-setting-selected@2x.png */ = {isa = PBXFileReference; lastKnownFileType = image.png; path = "tabbar-icon-setting-selected@2x.png"; sourceTree = "<group>"; };
		3AE6DE4217E4BF0800BA9745 /* tabbar-icon-setting@2x.png */ = {isa = PBXFileReference; lastKnownFileType = image.png; path = "tabbar-icon-setting@2x.png"; sourceTree = "<group>"; };
		3AE6DE4917E4C20400BA9745 /* tabbar-icon-ticket-selected@2x.png */ = {isa = PBXFileReference; lastKnownFileType = image.png; path = "tabbar-icon-ticket-selected@2x.png"; sourceTree = "<group>"; };
		3AE6DE4A17E4C20400BA9745 /* tabbar-icon-ticket@2x.png */ = {isa = PBXFileReference; lastKnownFileType = image.png; path = "tabbar-icon-ticket@2x.png"; sourceTree = "<group>"; };
		3AE6DE4D17E4C72600BA9745 /* ATUserConfigurations.h */ = {isa = PBXFileReference; fileEncoding = 4; lastKnownFileType = sourcecode.c.h; path = ATUserConfigurations.h; sourceTree = "<group>"; };
		3AE6DE4E17E4C72600BA9745 /* ATUserConfigurations.m */ = {isa = PBXFileReference; fileEncoding = 4; lastKnownFileType = sourcecode.c.objc; path = ATUserConfigurations.m; sourceTree = "<group>"; };
		3AE9816A1A870166000AB4E1 /* ATProtocols.h */ = {isa = PBXFileReference; fileEncoding = 4; lastKnownFileType = sourcecode.c.h; path = ATProtocols.h; sourceTree = "<group>"; };
		3AE9816B1A8702D7000AB4E1 /* ATDataSourceDiffPatch.h */ = {isa = PBXFileReference; fileEncoding = 4; lastKnownFileType = sourcecode.c.h; name = ATDataSourceDiffPatch.h; path = DiffPatch/ATDataSourceDiffPatch.h; sourceTree = "<group>"; };
		3AE9816C1A8702D7000AB4E1 /* ATDataSourceDiffPatch.m */ = {isa = PBXFileReference; fileEncoding = 4; lastKnownFileType = sourcecode.c.objc; name = ATDataSourceDiffPatch.m; path = DiffPatch/ATDataSourceDiffPatch.m; sourceTree = "<group>"; };
		3AEF8DDC17AE0B8F00007E9C /* ATTicketCell.h */ = {isa = PBXFileReference; fileEncoding = 4; lastKnownFileType = sourcecode.c.h; path = ATTicketCell.h; sourceTree = "<group>"; };
		3AEF8DDD17AE0B8F00007E9C /* ATTicketCell.m */ = {isa = PBXFileReference; fileEncoding = 4; lastKnownFileType = sourcecode.c.objc; path = ATTicketCell.m; sourceTree = "<group>"; };
		3AF6DA8A17D1F53E00CA049A /* UIColor+ATAdditions.h */ = {isa = PBXFileReference; fileEncoding = 4; lastKnownFileType = sourcecode.c.h; path = "UIColor+ATAdditions.h"; sourceTree = "<group>"; };
		3AF6DA8B17D1F53E00CA049A /* UIColor+ATAdditions.m */ = {isa = PBXFileReference; fileEncoding = 4; lastKnownFileType = sourcecode.c.objc; path = "UIColor+ATAdditions.m"; sourceTree = "<group>"; };
		3AF6DA8D17DAD72F00CA049A /* ATSettings.h */ = {isa = PBXFileReference; fileEncoding = 4; lastKnownFileType = sourcecode.c.h; name = ATSettings.h; path = Utils/ATSettings.h; sourceTree = "<group>"; };
		3AF6DA8E17DAD72F00CA049A /* ATUtils.h */ = {isa = PBXFileReference; fileEncoding = 4; lastKnownFileType = sourcecode.c.h; name = ATUtils.h; path = Utils/ATUtils.h; sourceTree = "<group>"; };
		3AF6DA8F17DAD72F00CA049A /* ATUtils.m */ = {isa = PBXFileReference; fileEncoding = 4; lastKnownFileType = sourcecode.c.objc; name = ATUtils.m; path = Utils/ATUtils.m; sourceTree = "<group>"; };
		3AF6DA9117DAD7E800CA049A /* SettingStoryboard.storyboard */ = {isa = PBXFileReference; fileEncoding = 4; lastKnownFileType = file.storyboard; path = SettingStoryboard.storyboard; sourceTree = "<group>"; };
		3AF6DA9317DCDF3800CA049A /* ATSettingViewController.h */ = {isa = PBXFileReference; fileEncoding = 4; lastKnownFileType = sourcecode.c.h; path = ATSettingViewController.h; sourceTree = "<group>"; };
		3AF6DA9417DCDF3800CA049A /* ATSettingViewController.m */ = {isa = PBXFileReference; fileEncoding = 4; lastKnownFileType = sourcecode.c.objc; path = ATSettingViewController.m; sourceTree = "<group>"; };
		470D11B2183B5C0B0019B0E1 /* LibraryLicenses.txt */ = {isa = PBXFileReference; lastKnownFileType = text; path = LibraryLicenses.txt; sourceTree = "<group>"; };
		470D11B4183B5E040019B0E1 /* ATLisenceViewController.h */ = {isa = PBXFileReference; fileEncoding = 4; lastKnownFileType = sourcecode.c.h; path = ATLisenceViewController.h; sourceTree = "<group>"; };
		470D11B5183B5E040019B0E1 /* ATLisenceViewController.m */ = {isa = PBXFileReference; fileEncoding = 4; lastKnownFileType = sourcecode.c.objc; path = ATLisenceViewController.m; sourceTree = "<group>"; };
		470D11B8183F4BA50019B0E1 /* ATTicketLayout.h */ = {isa = PBXFileReference; fileEncoding = 4; lastKnownFileType = sourcecode.c.h; name = ATTicketLayout.h; path = Layouts/ATTicketLayout.h; sourceTree = "<group>"; };
		470D11B9183F4BA50019B0E1 /* ATTicketLayout.m */ = {isa = PBXFileReference; fileEncoding = 4; lastKnownFileType = sourcecode.c.objc; name = ATTicketLayout.m; path = Layouts/ATTicketLayout.m; sourceTree = "<group>"; };
		470D11BB1845C9100019B0E1 /* ATImageLoader.h */ = {isa = PBXFileReference; fileEncoding = 4; lastKnownFileType = sourcecode.c.h; path = ATImageLoader.h; sourceTree = "<group>"; };
		470D11BC1845C9100019B0E1 /* ATImageLoader.m */ = {isa = PBXFileReference; fileEncoding = 4; lastKnownFileType = sourcecode.c.objc; path = ATImageLoader.m; sourceTree = "<group>"; };
		475A5AE71845F55F001062CC /* UIImage+ATAdditions.h */ = {isa = PBXFileReference; fileEncoding = 4; lastKnownFileType = sourcecode.c.h; path = "UIImage+ATAdditions.h"; sourceTree = "<group>"; };
		475A5AE81845F55F001062CC /* UIImage+ATAdditions.m */ = {isa = PBXFileReference; fileEncoding = 4; lastKnownFileType = sourcecode.c.objc; path = "UIImage+ATAdditions.m"; sourceTree = "<group>"; };
		477D115D183A01DD0040D414 /* ATUtilsTests.m */ = {isa = PBXFileReference; fileEncoding = 4; lastKnownFileType = sourcecode.c.objc; path = ATUtilsTests.m; sourceTree = "<group>"; };
		47D67CD917B35F72001A0043 /* ATServiceLocator.h */ = {isa = PBXFileReference; fileEncoding = 4; lastKnownFileType = sourcecode.c.h; path = ATServiceLocator.h; sourceTree = "<group>"; };
		47D67CDA17B35F72001A0043 /* ATServiceLocator.m */ = {isa = PBXFileReference; fileEncoding = 4; lastKnownFileType = sourcecode.c.objc; path = ATServiceLocator.m; sourceTree = "<group>"; };
		47F9F51217AA2FA0007C8A8D /* Default-568h@2x.png */ = {isa = PBXFileReference; lastKnownFileType = image.png; path = "Default-568h@2x.png"; sourceTree = "<group>"; };
		47F9F51717AA2FA0007C8A8D /* Default.png */ = {isa = PBXFileReference; lastKnownFileType = image.png; path = Default.png; sourceTree = "<group>"; };
		47F9F51817AA2FA0007C8A8D /* Default@2x.png */ = {isa = PBXFileReference; lastKnownFileType = image.png; path = "Default@2x.png"; sourceTree = "<group>"; };
		47F9F52917AA35C9007C8A8D /* ATAuth.h */ = {isa = PBXFileReference; fileEncoding = 4; lastKnownFileType = sourcecode.c.h; path = ATAuth.h; sourceTree = "<group>"; };
		47F9F52A17AA35C9007C8A8D /* ATAuth.m */ = {isa = PBXFileReference; fileEncoding = 4; lastKnownFileType = sourcecode.c.objc; path = ATAuth.m; sourceTree = "<group>"; };
		47F9F52B17AA35C9007C8A8D /* ATTicket.h */ = {isa = PBXFileReference; fileEncoding = 4; lastKnownFileType = sourcecode.c.h; path = ATTicket.h; sourceTree = "<group>"; };
		47F9F52C17AA35C9007C8A8D /* ATTicket.m */ = {isa = PBXFileReference; fileEncoding = 4; lastKnownFileType = sourcecode.c.objc; path = ATTicket.m; sourceTree = "<group>"; };
		47F9F52D17AA35C9007C8A8D /* ATTicketList.h */ = {isa = PBXFileReference; fileEncoding = 4; lastKnownFileType = sourcecode.c.h; path = ATTicketList.h; sourceTree = "<group>"; };
		47F9F52E17AA35C9007C8A8D /* ATTicketList.m */ = {isa = PBXFileReference; fileEncoding = 4; lastKnownFileType = sourcecode.c.objc; path = ATTicketList.m; sourceTree = "<group>"; };
		47F9F52F17AA35C9007C8A8D /* ATNetworking.h */ = {isa = PBXFileReference; fileEncoding = 4; lastKnownFileType = sourcecode.c.h; path = ATNetworking.h; sourceTree = "<group>"; };
		47F9F53017AA35C9007C8A8D /* ATNetworking.m */ = {isa = PBXFileReference; fileEncoding = 4; lastKnownFileType = sourcecode.c.objc; path = ATNetworking.m; sourceTree = "<group>"; };
		47F9F53617AA35D4007C8A8D /* ATAppDelegate.h */ = {isa = PBXFileReference; fileEncoding = 4; lastKnownFileType = sourcecode.c.h; path = ATAppDelegate.h; sourceTree = "<group>"; };
		47F9F53717AA35D4007C8A8D /* ATAppDelegate.m */ = {isa = PBXFileReference; fileEncoding = 4; lastKnownFileType = sourcecode.c.objc; path = ATAppDelegate.m; sourceTree = "<group>"; };
		47F9F53B17AA35D4007C8A8D /* ATTicketViewController.h */ = {isa = PBXFileReference; fileEncoding = 4; lastKnownFileType = sourcecode.c.h; path = ATTicketViewController.h; sourceTree = "<group>"; };
		47F9F53C17AA35D4007C8A8D /* ATTicketViewController.m */ = {isa = PBXFileReference; fileEncoding = 4; lastKnownFileType = sourcecode.c.objc; path = ATTicketViewController.m; sourceTree = "<group>"; };
		47F9F54717AA360F007C8A8D /* ATLoginViewController.h */ = {isa = PBXFileReference; fileEncoding = 4; lastKnownFileType = sourcecode.c.h; path = ATLoginViewController.h; sourceTree = "<group>"; };
		47F9F54817AA360F007C8A8D /* ATLoginViewController.m */ = {isa = PBXFileReference; fileEncoding = 4; lastKnownFileType = sourcecode.c.objc; path = ATLoginViewController.m; sourceTree = "<group>"; };
		47F9F54917AA360F007C8A8D /* ATLoginViewController.xib */ = {isa = PBXFileReference; fileEncoding = 4; lastKnownFileType = file.xib; path = ATLoginViewController.xib; sourceTree = "<group>"; };
		47F9F54D17AA364F007C8A8D /* NSDate+ATAdditions.h */ = {isa = PBXFileReference; fileEncoding = 4; lastKnownFileType = sourcecode.c.h; path = "NSDate+ATAdditions.h"; sourceTree = "<group>"; };
		47F9F54E17AA364F007C8A8D /* NSDate+ATAdditions.m */ = {isa = PBXFileReference; fileEncoding = 4; lastKnownFileType = sourcecode.c.objc; path = "NSDate+ATAdditions.m"; sourceTree = "<group>"; };
		47F9F55017AA42A4007C8A8D /* ATRootTabController.h */ = {isa = PBXFileReference; fileEncoding = 4; lastKnownFileType = sourcecode.c.h; path = ATRootTabController.h; sourceTree = "<group>"; };
		47F9F55117AA42A4007C8A8D /* ATRootTabController.m */ = {isa = PBXFileReference; fileEncoding = 4; lastKnownFileType = sourcecode.c.objc; path = ATRootTabController.m; sourceTree = "<group>"; };
		88230E1957BB0728CBD8A307 /* Pods.debug.xcconfig */ = {isa = PBXFileReference; includeInIndex = 1; lastKnownFileType = text.xcconfig; name = Pods.debug.xcconfig; path = "Pods/Target Support Files/Pods/Pods.debug.xcconfig"; sourceTree = "<group>"; };
		BDF5CAB3F371228444E7B669 /* Pods.release.xcconfig */ = {isa = PBXFileReference; includeInIndex = 1; lastKnownFileType = text.xcconfig; name = Pods.release.xcconfig; path = "Pods/Target Support Files/Pods/Pods.release.xcconfig"; sourceTree = "<group>"; };
		CFCD5A7D8710465FA58C06A3 /* libPods.a */ = {isa = PBXFileReference; explicitFileType = archive.ar; includeInIndex = 0; path = libPods.a; sourceTree = BUILT_PRODUCTS_DIR; };
		E244C984179577E300F1D203 /* libsqlite3.0.dylib */ = {isa = PBXFileReference; lastKnownFileType = "compiled.mach-o.dylib"; name = libsqlite3.0.dylib; path = usr/lib/libsqlite3.0.dylib; sourceTree = SDKROOT; };
		E26BED7E177081A80087E0E4 /* Animetick.app */ = {isa = PBXFileReference; explicitFileType = wrapper.application; includeInIndex = 0; path = Animetick.app; sourceTree = BUILT_PRODUCTS_DIR; };
		E26BED81177081A80087E0E4 /* UIKit.framework */ = {isa = PBXFileReference; lastKnownFileType = wrapper.framework; name = UIKit.framework; path = System/Library/Frameworks/UIKit.framework; sourceTree = SDKROOT; };
		E26BED83177081A80087E0E4 /* Foundation.framework */ = {isa = PBXFileReference; lastKnownFileType = wrapper.framework; name = Foundation.framework; path = System/Library/Frameworks/Foundation.framework; sourceTree = SDKROOT; };
		E26BED85177081A80087E0E4 /* CoreGraphics.framework */ = {isa = PBXFileReference; lastKnownFileType = wrapper.framework; name = CoreGraphics.framework; path = System/Library/Frameworks/CoreGraphics.framework; sourceTree = SDKROOT; };
		E26BED89177081A80087E0E4 /* Animetick-Info.plist */ = {isa = PBXFileReference; lastKnownFileType = text.plist.xml; path = "Animetick-Info.plist"; sourceTree = "<group>"; };
		E26BED8B177081A80087E0E4 /* en */ = {isa = PBXFileReference; lastKnownFileType = text.plist.strings; name = en; path = en.lproj/InfoPlist.strings; sourceTree = "<group>"; };
		E26BED8D177081A80087E0E4 /* main.m */ = {isa = PBXFileReference; lastKnownFileType = sourcecode.c.objc; path = main.m; sourceTree = "<group>"; };
		E26BED8F177081A80087E0E4 /* Animetick-Prefix.pch */ = {isa = PBXFileReference; lastKnownFileType = sourcecode.c.h; path = "Animetick-Prefix.pch"; sourceTree = "<group>"; };
		E26BED9E177081A80087E0E4 /* AnimetickTests.xctest */ = {isa = PBXFileReference; explicitFileType = wrapper.cfbundle; includeInIndex = 0; path = AnimetickTests.xctest; sourceTree = BUILT_PRODUCTS_DIR; };
		E26BEDA7177081A80087E0E4 /* AnimetickTests-Info.plist */ = {isa = PBXFileReference; lastKnownFileType = text.plist.xml; path = "AnimetickTests-Info.plist"; sourceTree = "<group>"; };
		E26BEDA9177081A80087E0E4 /* en */ = {isa = PBXFileReference; lastKnownFileType = text.plist.strings; name = en; path = en.lproj/InfoPlist.strings; sourceTree = "<group>"; };
		E26BEDAB177081A80087E0E4 /* AnimetickTests.h */ = {isa = PBXFileReference; lastKnownFileType = sourcecode.c.h; path = AnimetickTests.h; sourceTree = "<group>"; };
		E26BEDAC177081A80087E0E4 /* AnimetickTests.m */ = {isa = PBXFileReference; lastKnownFileType = sourcecode.c.objc; path = AnimetickTests.m; sourceTree = "<group>"; };
/* End PBXFileReference section */

/* Begin PBXFrameworksBuildPhase section */
		E26BED7B177081A80087E0E4 /* Frameworks */ = {
			isa = PBXFrameworksBuildPhase;
			buildActionMask = 2147483647;
			files = (
				E26BED82177081A80087E0E4 /* UIKit.framework in Frameworks */,
				E26BED84177081A80087E0E4 /* Foundation.framework in Frameworks */,
				E26BED86177081A80087E0E4 /* CoreGraphics.framework in Frameworks */,
				3A34623618466C50002A5E57 /* CoreText.framework in Frameworks */,
				115F827C60F94EA499E3C1F7 /* libPods.a in Frameworks */,
			);
			runOnlyForDeploymentPostprocessing = 0;
		};
		E26BED9A177081A80087E0E4 /* Frameworks */ = {
			isa = PBXFrameworksBuildPhase;
			buildActionMask = 2147483647;
			files = (
				E26BEDA1177081A80087E0E4 /* UIKit.framework in Frameworks */,
				E26BEDA2177081A80087E0E4 /* Foundation.framework in Frameworks */,
			);
			runOnlyForDeploymentPostprocessing = 0;
		};
/* End PBXFrameworksBuildPhase section */

/* Begin PBXGroup section */
		3AE3DD4717AD7F13005C8688 /* Utils */ = {
			isa = PBXGroup;
			children = (
				3AF6DA8D17DAD72F00CA049A /* ATSettings.h */,
				3AF6DA8E17DAD72F00CA049A /* ATUtils.h */,
				3AF6DA8F17DAD72F00CA049A /* ATUtils.m */,
			);
			name = Utils;
			sourceTree = "<group>";
		};
		3AE981691A870056000AB4E1 /* DiffPatch */ = {
			isa = PBXGroup;
			children = (
				3AE9816A1A870166000AB4E1 /* ATProtocols.h */,
				3AE9816B1A8702D7000AB4E1 /* ATDataSourceDiffPatch.h */,
				3AE9816C1A8702D7000AB4E1 /* ATDataSourceDiffPatch.m */,
			);
			name = DiffPatch;
			sourceTree = "<group>";
		};
		470D11B7183F4B350019B0E1 /* Layouts */ = {
			isa = PBXGroup;
			children = (
				470D11B8183F4BA50019B0E1 /* ATTicketLayout.h */,
				470D11B9183F4BA50019B0E1 /* ATTicketLayout.m */,
			);
			name = Layouts;
			sourceTree = "<group>";
		};
		47F9F51117AA2FA0007C8A8D /* Resources */ = {
			isa = PBXGroup;
			children = (
				3A88C8CA19D8071700D4B00A /* animetick_ios7_180.png */,
				3AE6DE4A17E4C20400BA9745 /* tabbar-icon-ticket@2x.png */,
				3AE6DE4917E4C20400BA9745 /* tabbar-icon-ticket-selected@2x.png */,
				3AE6DE4217E4BF0800BA9745 /* tabbar-icon-setting@2x.png */,
				3AE6DE4117E4BF0800BA9745 /* tabbar-icon-setting-selected@2x.png */,
				47F9F51217AA2FA0007C8A8D /* Default-568h@2x.png */,
				47F9F51717AA2FA0007C8A8D /* Default.png */,
				47F9F51817AA2FA0007C8A8D /* Default@2x.png */,
				3A7FBD3F17E5F3B1004F7091 /* Default-Portrait@2x~ipad.png */,
				3A7FBD4017E5F3B1004F7091 /* Default-Portrait~ipad.png */,
				3A7FBD4117E5F3B1004F7091 /* Default-Landscape@2x~ipad.png */,
				3A7FBD4217E5F3B1004F7091 /* Default-Landscape~ipad.png */,
				3A7FBD3317E5EE27004F7091 /* animetick_ios7_512.png */,
				3A7FBD3417E5EE27004F7091 /* animetick_ios7_1024.png */,
				3A7FBD3517E5EE27004F7091 /* animetick_ios7_76.png */,
				3A7FBD3617E5EE27004F7091 /* animetick_ios7_152.png */,
				3A7FBD3717E5EE27004F7091 /* animetick_ios7_60.png */,
				3A7FBD3817E5EE27004F7091 /* animetick_ios7_120.png */,
				470D11B2183B5C0B0019B0E1 /* LibraryLicenses.txt */,
			);
			path = Resources;
			sourceTree = "<group>";
		};
		47F9F52817AA35C9007C8A8D /* Models */ = {
			isa = PBXGroup;
			children = (
				47F9F52917AA35C9007C8A8D /* ATAuth.h */,
				47F9F52A17AA35C9007C8A8D /* ATAuth.m */,
				3A0289EB187690EC00C041F7 /* ATTicketSection.h */,
				3A0289EC187690EC00C041F7 /* ATTicketSection.m */,
				47F9F52B17AA35C9007C8A8D /* ATTicket.h */,
				47F9F52C17AA35C9007C8A8D /* ATTicket.m */,
				47F9F52D17AA35C9007C8A8D /* ATTicketList.h */,
				47F9F52E17AA35C9007C8A8D /* ATTicketList.m */,
				47F9F52F17AA35C9007C8A8D /* ATNetworking.h */,
				47F9F53017AA35C9007C8A8D /* ATNetworking.m */,
				47D67CD917B35F72001A0043 /* ATServiceLocator.h */,
				47D67CDA17B35F72001A0043 /* ATServiceLocator.m */,
				3A447F4D17B514E000C38BD0 /* ATAPI.h */,
				3A447F4E17B514E000C38BD0 /* ATAPI.m */,
				3AE6DE4D17E4C72600BA9745 /* ATUserConfigurations.h */,
				3AE6DE4E17E4C72600BA9745 /* ATUserConfigurations.m */,
				3A7FBD4717E6AE71004F7091 /* ATDateUtils.h */,
				3A7FBD4817E6AE71004F7091 /* ATDateUtils.m */,
				470D11BB1845C9100019B0E1 /* ATImageLoader.h */,
				470D11BC1845C9100019B0E1 /* ATImageLoader.m */,
				3A0289EE18824E9900C041F7 /* ATTableViewUpdates.h */,
				3A0289EF18824E9900C041F7 /* ATTableViewUpdates.m */,
			);
			path = Models;
			sourceTree = "<group>";
		};
		47F9F53517AA35D4007C8A8D /* ViewControllers */ = {
			isa = PBXGroup;
			children = (
				47F9F53617AA35D4007C8A8D /* ATAppDelegate.h */,
				47F9F53717AA35D4007C8A8D /* ATAppDelegate.m */,
				47F9F54717AA360F007C8A8D /* ATLoginViewController.h */,
				47F9F54817AA360F007C8A8D /* ATLoginViewController.m */,
				47F9F54917AA360F007C8A8D /* ATLoginViewController.xib */,
				47F9F53B17AA35D4007C8A8D /* ATTicketViewController.h */,
				47F9F53C17AA35D4007C8A8D /* ATTicketViewController.m */,
				3ACB7C2A182026A0007E981D /* ATTicketSegmentViewController.h */,
				3ACB7C2B182026A0007E981D /* ATTicketSegmentViewController.m */,
				47F9F55017AA42A4007C8A8D /* ATRootTabController.h */,
				47F9F55117AA42A4007C8A8D /* ATRootTabController.m */,
				3AF6DA9317DCDF3800CA049A /* ATSettingViewController.h */,
				3AF6DA9417DCDF3800CA049A /* ATSettingViewController.m */,
				470D11B4183B5E040019B0E1 /* ATLisenceViewController.h */,
				470D11B5183B5E040019B0E1 /* ATLisenceViewController.m */,
			);
			path = ViewControllers;
			sourceTree = "<group>";
		};
		47F9F54317AA35E2007C8A8D /* Views */ = {
			isa = PBXGroup;
			children = (
				3A7CF14917E9DF18009A0D1B /* ATAlertView.h */,
				3A7CF14A17E9DF18009A0D1B /* ATAlertView.m */,
				3AA10E931814148200D37897 /* ATTableViewCellButtonView.h */,
				3AA10E941814148200D37897 /* ATTableViewCellButtonView.m */,
				3AA10E96181415A900D37897 /* ATSwipableTableViewCell.h */,
				3AA10E97181415A900D37897 /* ATSwipableTableViewCell.m */,
				3AEF8DDC17AE0B8F00007E9C /* ATTicketCell.h */,
				3AEF8DDD17AE0B8F00007E9C /* ATTicketCell.m */,
				3AA10E8E1812489600D37897 /* ATTicketContentView.xib */,
				3AA10E9018124DBF00D37897 /* ATTicketContentView.h */,
				3AA10E9118124DBF00D37897 /* ATTicketContentView.m */,
				3A3462301843A729002A5E57 /* ATPaddingIndicator.xib */,
				3A3462321843A886002A5E57 /* ATPaddingIndicator.h */,
				3A3462331843A886002A5E57 /* ATPaddingIndicator.m */,
				3A0289E818763A2700C041F7 /* ATUpdatableTableView.h */,
				3A0289E918763A2700C041F7 /* ATUpdatableTableView.m */,
				3AB46FAF19D6E01700F50694 /* ATLaunchScreen.xib */,
			);
			path = Views;
			sourceTree = "<group>";
		};
		47F9F54C17AA364F007C8A8D /* Categories */ = {
			isa = PBXGroup;
			children = (
				47F9F54D17AA364F007C8A8D /* NSDate+ATAdditions.h */,
				47F9F54E17AA364F007C8A8D /* NSDate+ATAdditions.m */,
				3AE6DE3A17E44BC300BA9745 /* NSHTTPCookieStorage+ATAdditions.h */,
				3AE6DE3B17E44BC300BA9745 /* NSHTTPCookieStorage+ATAdditions.m */,
				3AF6DA8A17D1F53E00CA049A /* UIColor+ATAdditions.h */,
				3AF6DA8B17D1F53E00CA049A /* UIColor+ATAdditions.m */,
				475A5AE71845F55F001062CC /* UIImage+ATAdditions.h */,
				475A5AE81845F55F001062CC /* UIImage+ATAdditions.m */,
			);
			path = Categories;
			sourceTree = "<group>";
		};
		681436A616B552E2E447735C /* Pods */ = {
			isa = PBXGroup;
			children = (
				88230E1957BB0728CBD8A307 /* Pods.debug.xcconfig */,
				BDF5CAB3F371228444E7B669 /* Pods.release.xcconfig */,
			);
			name = Pods;
			sourceTree = "<group>";
		};
		E26BED75177081A80087E0E4 = {
			isa = PBXGroup;
			children = (
				E26BED87177081A80087E0E4 /* Animetick */,
				E26BEDA5177081A80087E0E4 /* AnimetickTests */,
				E26BED80177081A80087E0E4 /* Frameworks */,
				E26BED7F177081A80087E0E4 /* Products */,
				681436A616B552E2E447735C /* Pods */,
			);
			sourceTree = "<group>";
		};
		E26BED7F177081A80087E0E4 /* Products */ = {
			isa = PBXGroup;
			children = (
				E26BED7E177081A80087E0E4 /* Animetick.app */,
				E26BED9E177081A80087E0E4 /* AnimetickTests.xctest */,
			);
			name = Products;
			sourceTree = "<group>";
		};
		E26BED80177081A80087E0E4 /* Frameworks */ = {
			isa = PBXGroup;
			children = (
				3A34623518466C50002A5E57 /* CoreText.framework */,
				E244C984179577E300F1D203 /* libsqlite3.0.dylib */,
				E26BED81177081A80087E0E4 /* UIKit.framework */,
				E26BED83177081A80087E0E4 /* Foundation.framework */,
				E26BED85177081A80087E0E4 /* CoreGraphics.framework */,
				CFCD5A7D8710465FA58C06A3 /* libPods.a */,
			);
			name = Frameworks;
			sourceTree = "<group>";
		};
		E26BED87177081A80087E0E4 /* Animetick */ = {
			isa = PBXGroup;
			children = (
				3AE981691A870056000AB4E1 /* DiffPatch */,
				3ACB7C2818202312007E981D /* TicketStoryboard.storyboard */,
				3AF6DA9117DAD7E800CA049A /* SettingStoryboard.storyboard */,
				3AE3DD4717AD7F13005C8688 /* Utils */,
				47F9F54C17AA364F007C8A8D /* Categories */,
				47F9F52817AA35C9007C8A8D /* Models */,
				470D11B7183F4B350019B0E1 /* Layouts */,
				47F9F54317AA35E2007C8A8D /* Views */,
				47F9F53517AA35D4007C8A8D /* ViewControllers */,
				47F9F51117AA2FA0007C8A8D /* Resources */,
				3AB46FAD19D6D96E00F50694 /* Images.xcassets */,
				E26BED88177081A80087E0E4 /* Supporting Files */,
			);
			path = Animetick;
			sourceTree = "<group>";
		};
		E26BED88177081A80087E0E4 /* Supporting Files */ = {
			isa = PBXGroup;
			children = (
				E26BED89177081A80087E0E4 /* Animetick-Info.plist */,
				E26BED8A177081A80087E0E4 /* InfoPlist.strings */,
				E26BED8D177081A80087E0E4 /* main.m */,
				E26BED8F177081A80087E0E4 /* Animetick-Prefix.pch */,
			);
			name = "Supporting Files";
			sourceTree = "<group>";
		};
		E26BEDA5177081A80087E0E4 /* AnimetickTests */ = {
			isa = PBXGroup;
			children = (
				E26BEDAB177081A80087E0E4 /* AnimetickTests.h */,
				E26BEDAC177081A80087E0E4 /* AnimetickTests.m */,
				E26BEDA6177081A80087E0E4 /* Supporting Files */,
				3A40501617F5D6A2008A6997 /* ATDateUtilsTests.m */,
				477D115D183A01DD0040D414 /* ATUtilsTests.m */,
			);
			path = AnimetickTests;
			sourceTree = "<group>";
		};
		E26BEDA6177081A80087E0E4 /* Supporting Files */ = {
			isa = PBXGroup;
			children = (
				E26BEDA7177081A80087E0E4 /* AnimetickTests-Info.plist */,
				E26BEDA8177081A80087E0E4 /* InfoPlist.strings */,
			);
			name = "Supporting Files";
			sourceTree = "<group>";
		};
/* End PBXGroup section */

/* Begin PBXNativeTarget section */
		E26BED7D177081A80087E0E4 /* Animetick */ = {
			isa = PBXNativeTarget;
			buildConfigurationList = E26BEDB0177081A80087E0E4 /* Build configuration list for PBXNativeTarget "Animetick" */;
			buildPhases = (
				AF2A74979C924443AA623345 /* Check Pods Manifest.lock */,
				E26BED7A177081A80087E0E4 /* Sources */,
				E26BED7B177081A80087E0E4 /* Frameworks */,
				E26BED7C177081A80087E0E4 /* Resources */,
				0A44074006B24E178613047E /* Copy Pods Resources */,
			);
			buildRules = (
			);
			dependencies = (
			);
			name = Animetick;
			productName = Animetick;
			productReference = E26BED7E177081A80087E0E4 /* Animetick.app */;
			productType = "com.apple.product-type.application";
		};
		E26BED9D177081A80087E0E4 /* AnimetickTests */ = {
			isa = PBXNativeTarget;
			buildConfigurationList = E26BEDB3177081A80087E0E4 /* Build configuration list for PBXNativeTarget "AnimetickTests" */;
			buildPhases = (
				E26BED99177081A80087E0E4 /* Sources */,
				E26BED9A177081A80087E0E4 /* Frameworks */,
				E26BED9B177081A80087E0E4 /* Resources */,
				E26BED9C177081A80087E0E4 /* ShellScript */,
			);
			buildRules = (
			);
			dependencies = (
				E26BEDA4177081A80087E0E4 /* PBXTargetDependency */,
			);
			name = AnimetickTests;
			productName = AnimetickTests;
			productReference = E26BED9E177081A80087E0E4 /* AnimetickTests.xctest */;
			productType = "com.apple.product-type.bundle.unit-test";
		};
/* End PBXNativeTarget section */

/* Begin PBXProject section */
		E26BED76177081A80087E0E4 /* Project object */ = {
			isa = PBXProject;
			attributes = {
				CLASSPREFIX = AT;
				LastUpgradeCheck = 0460;
				ORGANIZATIONNAME = yayugu;
				TargetAttributes = {
					E26BED7D177081A80087E0E4 = {
						DevelopmentTeam = XVG97NLJ56;
					};
				};
			};
			buildConfigurationList = E26BED79177081A80087E0E4 /* Build configuration list for PBXProject "Animetick" */;
			compatibilityVersion = "Xcode 3.2";
			developmentRegion = English;
			hasScannedForEncodings = 0;
			knownRegions = (
				en,
			);
			mainGroup = E26BED75177081A80087E0E4;
			productRefGroup = E26BED7F177081A80087E0E4 /* Products */;
			projectDirPath = "";
			projectRoot = "";
			targets = (
				E26BED7D177081A80087E0E4 /* Animetick */,
				E26BED9D177081A80087E0E4 /* AnimetickTests */,
			);
		};
/* End PBXProject section */

/* Begin PBXResourcesBuildPhase section */
		E26BED7C177081A80087E0E4 /* Resources */ = {
			isa = PBXResourcesBuildPhase;
			buildActionMask = 2147483647;
			files = (
				470D11B3183B5C520019B0E1 /* LibraryLicenses.txt in Resources */,
				3AB46FAE19D6D96E00F50694 /* Images.xcassets in Resources */,
				3AE6DE4C17E4C20400BA9745 /* tabbar-icon-ticket@2x.png in Resources */,
				3A7FBD4417E5F3B1004F7091 /* Default-Portrait~ipad.png in Resources */,
				3A7FBD3C17E5EE27004F7091 /* animetick_ios7_152.png in Resources */,
				3AB46FB019D6E01700F50694 /* ATLaunchScreen.xib in Resources */,
				47F9F54B17AA360F007C8A8D /* ATLoginViewController.xib in Resources */,
				E26BED8C177081A80087E0E4 /* InfoPlist.strings in Resources */,
				3A7FBD4317E5F3B1004F7091 /* Default-Portrait@2x~ipad.png in Resources */,
				3AF6DA9217DAD7E800CA049A /* SettingStoryboard.storyboard in Resources */,
				47F9F51D17AA2FA0007C8A8D /* Default-568h@2x.png in Resources */,
				3AE6DE4B17E4C20400BA9745 /* tabbar-icon-ticket-selected@2x.png in Resources */,
				3A88C8CB19D8071700D4B00A /* animetick_ios7_180.png in Resources */,
				3A7FBD3A17E5EE27004F7091 /* animetick_ios7_1024.png in Resources */,
				3A7FBD3917E5EE27004F7091 /* animetick_ios7_512.png in Resources */,
				3AA10E8F1812489600D37897 /* ATTicketContentView.xib in Resources */,
				3A7FBD3E17E5EE27004F7091 /* animetick_ios7_120.png in Resources */,
				3AE6DE4417E4BF0800BA9745 /* tabbar-icon-setting@2x.png in Resources */,
				3A7FBD4617E5F3B1004F7091 /* Default-Landscape~ipad.png in Resources */,
				47F9F52217AA2FA0007C8A8D /* Default.png in Resources */,
				47F9F52317AA2FA0007C8A8D /* Default@2x.png in Resources */,
				3A3462311843A729002A5E57 /* ATPaddingIndicator.xib in Resources */,
				3A7FBD4517E5F3B1004F7091 /* Default-Landscape@2x~ipad.png in Resources */,
				3AE6DE4317E4BF0800BA9745 /* tabbar-icon-setting-selected@2x.png in Resources */,
				3ACB7C2918202312007E981D /* TicketStoryboard.storyboard in Resources */,
				3A7FBD3D17E5EE27004F7091 /* animetick_ios7_60.png in Resources */,
				3A7FBD3B17E5EE27004F7091 /* animetick_ios7_76.png in Resources */,
			);
			runOnlyForDeploymentPostprocessing = 0;
		};
		E26BED9B177081A80087E0E4 /* Resources */ = {
			isa = PBXResourcesBuildPhase;
			buildActionMask = 2147483647;
			files = (
				E26BEDAA177081A80087E0E4 /* InfoPlist.strings in Resources */,
			);
			runOnlyForDeploymentPostprocessing = 0;
		};
/* End PBXResourcesBuildPhase section */

/* Begin PBXShellScriptBuildPhase section */
		0A44074006B24E178613047E /* Copy Pods Resources */ = {
			isa = PBXShellScriptBuildPhase;
			buildActionMask = 2147483647;
			files = (
			);
			inputPaths = (
			);
			name = "Copy Pods Resources";
			outputPaths = (
			);
			runOnlyForDeploymentPostprocessing = 0;
			shellPath = /bin/sh;
			shellScript = "\"${SRCROOT}/Pods/Target Support Files/Pods/Pods-resources.sh\"\n";
			showEnvVarsInLog = 0;
		};
		AF2A74979C924443AA623345 /* Check Pods Manifest.lock */ = {
			isa = PBXShellScriptBuildPhase;
			buildActionMask = 2147483647;
			files = (
			);
			inputPaths = (
			);
			name = "Check Pods Manifest.lock";
			outputPaths = (
			);
			runOnlyForDeploymentPostprocessing = 0;
			shellPath = /bin/sh;
			shellScript = "diff \"${PODS_ROOT}/../Podfile.lock\" \"${PODS_ROOT}/Manifest.lock\" > /dev/null\nif [[ $? != 0 ]] ; then\n    cat << EOM\nerror: The sandbox is not in sync with the Podfile.lock. Run 'pod install' or update your CocoaPods installation.\nEOM\n    exit 1\nfi\n";
			showEnvVarsInLog = 0;
		};
		E26BED9C177081A80087E0E4 /* ShellScript */ = {
			isa = PBXShellScriptBuildPhase;
			buildActionMask = 2147483647;
			files = (
			);
			inputPaths = (
			);
			outputPaths = (
			);
			runOnlyForDeploymentPostprocessing = 0;
			shellPath = /bin/sh;
			shellScript = "# Run the unit tests in this test bundle.\n\"${SYSTEM_DEVELOPER_DIR}/Tools/RunUnitTests\"\n";
		};
/* End PBXShellScriptBuildPhase section */

/* Begin PBXSourcesBuildPhase section */
		E26BED7A177081A80087E0E4 /* Sources */ = {
			isa = PBXSourcesBuildPhase;
			buildActionMask = 2147483647;
			files = (
				3AA10E98181415A900D37897 /* ATSwipableTableViewCell.m in Sources */,
				47F9F53E17AA35D4007C8A8D /* ATAppDelegate.m in Sources */,
				3A7FBD4917E6AE71004F7091 /* ATDateUtils.m in Sources */,
				47F9F53417AA35C9007C8A8D /* ATNetworking.m in Sources */,
				47D67CDB17B35F72001A0043 /* ATServiceLocator.m in Sources */,
				3ACB7C2C182026A0007E981D /* ATTicketSegmentViewController.m in Sources */,
				47F9F54117AA35D4007C8A8D /* ATTicketViewController.m in Sources */,
				3A7CF14B17E9DF18009A0D1B /* ATAlertView.m in Sources */,
				3AE6DE4F17E4C72600BA9745 /* ATUserConfigurations.m in Sources */,
				3AE6DE3C17E44BC300BA9745 /* NSHTTPCookieStorage+ATAdditions.m in Sources */,
				E26BED8E177081A80087E0E4 /* main.m in Sources */,
				470D11B6183B5E040019B0E1 /* ATLisenceViewController.m in Sources */,
				47F9F53217AA35C9007C8A8D /* ATTicket.m in Sources */,
				3AE9816D1A8702D7000AB4E1 /* ATDataSourceDiffPatch.m in Sources */,
				3AF6DA9517DCDF3800CA049A /* ATSettingViewController.m in Sources */,
				3A0289EA18763A2700C041F7 /* ATUpdatableTableView.m in Sources */,
				47F9F53317AA35C9007C8A8D /* ATTicketList.m in Sources */,
				3AF6DA8C17D1F53E00CA049A /* UIColor+ATAdditions.m in Sources */,
				47F9F55217AA42A4007C8A8D /* ATRootTabController.m in Sources */,
				47F9F54A17AA360F007C8A8D /* ATLoginViewController.m in Sources */,
				47F9F54F17AA364F007C8A8D /* NSDate+ATAdditions.m in Sources */,
				475A5AE91845F55F001062CC /* UIImage+ATAdditions.m in Sources */,
				3A447F4F17B514E000C38BD0 /* ATAPI.m in Sources */,
				3AF6DA9017DAD72F00CA049A /* ATUtils.m in Sources */,
				47F9F53117AA35C9007C8A8D /* ATAuth.m in Sources */,
				470D11BA183F4BA50019B0E1 /* ATTicketLayout.m in Sources */,
				3A0289ED187690EC00C041F7 /* ATTicketSection.m in Sources */,
				3AA10E951814148200D37897 /* ATTableViewCellButtonView.m in Sources */,
				3AA10E9218124DBF00D37897 /* ATTicketContentView.m in Sources */,
				470D11BD1845C9100019B0E1 /* ATImageLoader.m in Sources */,
				3A0289F018824E9900C041F7 /* ATTableViewUpdates.m in Sources */,
				3AEF8DDE17AE0B8F00007E9C /* ATTicketCell.m in Sources */,
				3A3462341843A886002A5E57 /* ATPaddingIndicator.m in Sources */,
			);
			runOnlyForDeploymentPostprocessing = 0;
		};
		E26BED99177081A80087E0E4 /* Sources */ = {
			isa = PBXSourcesBuildPhase;
			buildActionMask = 2147483647;
			files = (
				477D115E183A01DD0040D414 /* ATUtilsTests.m in Sources */,
				3A40501717F5D6A2008A6997 /* ATDateUtilsTests.m in Sources */,
				E26BEDAD177081A80087E0E4 /* AnimetickTests.m in Sources */,
			);
			runOnlyForDeploymentPostprocessing = 0;
		};
/* End PBXSourcesBuildPhase section */

/* Begin PBXTargetDependency section */
		E26BEDA4177081A80087E0E4 /* PBXTargetDependency */ = {
			isa = PBXTargetDependency;
			target = E26BED7D177081A80087E0E4 /* Animetick */;
			targetProxy = E26BEDA3177081A80087E0E4 /* PBXContainerItemProxy */;
		};
/* End PBXTargetDependency section */

/* Begin PBXVariantGroup section */
		E26BED8A177081A80087E0E4 /* InfoPlist.strings */ = {
			isa = PBXVariantGroup;
			children = (
				E26BED8B177081A80087E0E4 /* en */,
			);
			name = InfoPlist.strings;
			sourceTree = "<group>";
		};
		E26BEDA8177081A80087E0E4 /* InfoPlist.strings */ = {
			isa = PBXVariantGroup;
			children = (
				E26BEDA9177081A80087E0E4 /* en */,
			);
			name = InfoPlist.strings;
			sourceTree = "<group>";
		};
/* End PBXVariantGroup section */

/* Begin XCBuildConfiguration section */
		E26BEDAE177081A80087E0E4 /* Debug */ = {
			isa = XCBuildConfiguration;
			buildSettings = {
				ALWAYS_SEARCH_USER_PATHS = NO;
				CLANG_CXX_LANGUAGE_STANDARD = "gnu++0x";
				CLANG_CXX_LIBRARY = "libc++";
				CLANG_ENABLE_OBJC_ARC = YES;
				CLANG_WARN_CONSTANT_CONVERSION = YES;
				CLANG_WARN_EMPTY_BODY = YES;
				CLANG_WARN_ENUM_CONVERSION = YES;
				CLANG_WARN_INT_CONVERSION = YES;
				CLANG_WARN__DUPLICATE_METHOD_MATCH = YES;
				"CODE_SIGN_IDENTITY[sdk=iphoneos*]" = "iPhone Developer";
				COPY_PHASE_STRIP = NO;
				GCC_C_LANGUAGE_STANDARD = gnu99;
				GCC_DYNAMIC_NO_PIC = NO;
				GCC_OPTIMIZATION_LEVEL = 0;
				GCC_PREPROCESSOR_DEFINITIONS = (
					"DEBUG=1",
					"$(inherited)",
				);
				GCC_SYMBOLS_PRIVATE_EXTERN = NO;
				GCC_WARN_ABOUT_RETURN_TYPE = YES;
				GCC_WARN_UNINITIALIZED_AUTOS = YES;
				GCC_WARN_UNUSED_VARIABLE = YES;
				IPHONEOS_DEPLOYMENT_TARGET = 7.0;
				ONLY_ACTIVE_ARCH = YES;
				SDKROOT = iphoneos;
				TARGETED_DEVICE_FAMILY = "1,2";
			};
			name = Debug;
		};
		E26BEDAF177081A80087E0E4 /* Release */ = {
			isa = XCBuildConfiguration;
			buildSettings = {
				ALWAYS_SEARCH_USER_PATHS = NO;
				CLANG_CXX_LANGUAGE_STANDARD = "gnu++0x";
				CLANG_CXX_LIBRARY = "libc++";
				CLANG_ENABLE_OBJC_ARC = YES;
				CLANG_WARN_CONSTANT_CONVERSION = YES;
				CLANG_WARN_EMPTY_BODY = YES;
				CLANG_WARN_ENUM_CONVERSION = YES;
				CLANG_WARN_INT_CONVERSION = YES;
				CLANG_WARN__DUPLICATE_METHOD_MATCH = YES;
				"CODE_SIGN_IDENTITY[sdk=iphoneos*]" = "iPhone Distribution";
				COPY_PHASE_STRIP = YES;
				GCC_C_LANGUAGE_STANDARD = gnu99;
				GCC_WARN_ABOUT_RETURN_TYPE = YES;
				GCC_WARN_UNINITIALIZED_AUTOS = YES;
				GCC_WARN_UNUSED_VARIABLE = YES;
				IPHONEOS_DEPLOYMENT_TARGET = 7.0;
				OTHER_CFLAGS = "-DNS_BLOCK_ASSERTIONS=1";
				SDKROOT = iphoneos;
				TARGETED_DEVICE_FAMILY = "1,2";
				VALIDATE_PRODUCT = YES;
			};
			name = Release;
		};
		E26BEDB1177081A80087E0E4 /* Debug */ = {
			isa = XCBuildConfiguration;
			baseConfigurationReference = 88230E1957BB0728CBD8A307 /* Pods.debug.xcconfig */;
			buildSettings = {
				ASSETCATALOG_COMPILER_APPICON_NAME = AppIcon;
				ASSETCATALOG_COMPILER_LAUNCHIMAGE_NAME = LaunchImage;
				CODE_SIGN_IDENTITY = "iPhone Developer";
				"CODE_SIGN_IDENTITY[sdk=iphoneos*]" = "iPhone Developer";
				GCC_PRECOMPILE_PREFIX_HEADER = YES;
				GCC_PREFIX_HEADER = "Animetick/Animetick-Prefix.pch";
				INFOPLIST_FILE = "Animetick/Animetick-Info.plist";
				IPHONEOS_DEPLOYMENT_TARGET = 7.0;
				ONLY_ACTIVE_ARCH = YES;
				PRODUCT_NAME = "$(TARGET_NAME)";
				PROVISIONING_PROFILE = "";
				TARGETED_DEVICE_FAMILY = "1,2";
				WRAPPER_EXTENSION = app;
			};
			name = Debug;
		};
		E26BEDB2177081A80087E0E4 /* Release */ = {
			isa = XCBuildConfiguration;
			baseConfigurationReference = BDF5CAB3F371228444E7B669 /* Pods.release.xcconfig */;
			buildSettings = {
				ASSETCATALOG_COMPILER_APPICON_NAME = AppIcon;
				ASSETCATALOG_COMPILER_LAUNCHIMAGE_NAME = LaunchImage;
				CODE_SIGN_IDENTITY = "iPhone Developer";
				"CODE_SIGN_IDENTITY[sdk=iphoneos*]" = "iPhone Developer";
				GCC_PRECOMPILE_PREFIX_HEADER = YES;
				GCC_PREFIX_HEADER = "Animetick/Animetick-Prefix.pch";
				INFOPLIST_FILE = "Animetick/Animetick-Info.plist";
				IPHONEOS_DEPLOYMENT_TARGET = 7.0;
				ONLY_ACTIVE_ARCH = NO;
				PRODUCT_NAME = "$(TARGET_NAME)";
				PROVISIONING_PROFILE = "";
				TARGETED_DEVICE_FAMILY = "1,2";
				WRAPPER_EXTENSION = app;
			};
			name = Release;
		};
		E26BEDB4177081A80087E0E4 /* Debug */ = {
			isa = XCBuildConfiguration;
			buildSettings = {
				BUNDLE_LOADER = "$(BUILT_PRODUCTS_DIR)/Animetick.app/Animetick";
				FRAMEWORK_SEARCH_PATHS = (
					"\"$(SDKROOT)/Developer/Library/Frameworks\"",
					"\"$(DEVELOPER_LIBRARY_DIR)/Frameworks\"",
				);
				GCC_PRECOMPILE_PREFIX_HEADER = YES;
				GCC_PREFIX_HEADER = "Animetick/Animetick-Prefix.pch";
				INFOPLIST_FILE = "AnimetickTests/AnimetickTests-Info.plist";
				PRODUCT_NAME = "$(TARGET_NAME)";
				TEST_HOST = "$(BUNDLE_LOADER)";
			};
			name = Debug;
		};
		E26BEDB5177081A80087E0E4 /* Release */ = {
			isa = XCBuildConfiguration;
			buildSettings = {
				BUNDLE_LOADER = "$(BUILT_PRODUCTS_DIR)/Animetick.app/Animetick";
				FRAMEWORK_SEARCH_PATHS = (
					"\"$(SDKROOT)/Developer/Library/Frameworks\"",
					"\"$(DEVELOPER_LIBRARY_DIR)/Frameworks\"",
				);
				GCC_PRECOMPILE_PREFIX_HEADER = YES;
				GCC_PREFIX_HEADER = "Animetick/Animetick-Prefix.pch";
				INFOPLIST_FILE = "AnimetickTests/AnimetickTests-Info.plist";
				PRODUCT_NAME = "$(TARGET_NAME)";
				TEST_HOST = "$(BUNDLE_LOADER)";
			};
			name = Release;
		};
/* End XCBuildConfiguration section */

/* Begin XCConfigurationList section */
		E26BED79177081A80087E0E4 /* Build configuration list for PBXProject "Animetick" */ = {
			isa = XCConfigurationList;
			buildConfigurations = (
				E26BEDAE177081A80087E0E4 /* Debug */,
				E26BEDAF177081A80087E0E4 /* Release */,
			);
			defaultConfigurationIsVisible = 0;
			defaultConfigurationName = Release;
		};
		E26BEDB0177081A80087E0E4 /* Build configuration list for PBXNativeTarget "Animetick" */ = {
			isa = XCConfigurationList;
			buildConfigurations = (
				E26BEDB1177081A80087E0E4 /* Debug */,
				E26BEDB2177081A80087E0E4 /* Release */,
			);
			defaultConfigurationIsVisible = 0;
			defaultConfigurationName = Release;
		};
		E26BEDB3177081A80087E0E4 /* Build configuration list for PBXNativeTarget "AnimetickTests" */ = {
			isa = XCConfigurationList;
			buildConfigurations = (
				E26BEDB4177081A80087E0E4 /* Debug */,
				E26BEDB5177081A80087E0E4 /* Release */,
			);
			defaultConfigurationIsVisible = 0;
			defaultConfigurationName = Release;
		};
/* End XCConfigurationList section */
	};
	rootObject = E26BED76177081A80087E0E4 /* Project object */;
}
